// !$*UTF8*$!
{
	archiveVersion = 1;
	classes = {
	};
	objectVersion = 46;
	objects = {

/* Begin PBXBuildFile section */
		2D4332191DF6F827008696FD /* UserNotificationsViewController.swift in Sources */ = {isa = PBXBuildFile; fileRef = 2D4332181DF6F827008696FD /* UserNotificationsViewController.swift */; };
		2D43321B1DF6F897008696FD /* FeedsViewController.swift in Sources */ = {isa = PBXBuildFile; fileRef = 2D43321A1DF6F897008696FD /* FeedsViewController.swift */; };
		2D43321D1DF6FA67008696FD /* ElementsSwift.framework in Frameworks */ = {isa = PBXBuildFile; fileRef = 2D43321C1DF6FA67008696FD /* ElementsSwift.framework */; };
		2D43321E1DF6FA67008696FD /* ElementsSwift.framework in Embed Frameworks */ = {isa = PBXBuildFile; fileRef = 2D43321C1DF6FA67008696FD /* ElementsSwift.framework */; settings = {ATTRIBUTES = (CodeSignOnCopy, RemoveHeadersOnCopy, ); }; };
		2D4332231DF6FCBE008696FD /* CryptoSwift.framework in Frameworks */ = {isa = PBXBuildFile; fileRef = 2D4332201DF6FCBE008696FD /* CryptoSwift.framework */; };
		2D4332241DF6FCBE008696FD /* CryptoSwift.framework in Embed Frameworks */ = {isa = PBXBuildFile; fileRef = 2D4332201DF6FCBE008696FD /* CryptoSwift.framework */; settings = {ATTRIBUTES = (CodeSignOnCopy, RemoveHeadersOnCopy, ); }; };
		2D4332251DF6FCBE008696FD /* JWT.framework in Frameworks */ = {isa = PBXBuildFile; fileRef = 2D4332211DF6FCBE008696FD /* JWT.framework */; };
		2D4332261DF6FCBE008696FD /* JWT.framework in Embed Frameworks */ = {isa = PBXBuildFile; fileRef = 2D4332211DF6FCBE008696FD /* JWT.framework */; settings = {ATTRIBUTES = (CodeSignOnCopy, RemoveHeadersOnCopy, ); }; };
		2D4332271DF6FCBE008696FD /* PromiseKit.framework in Frameworks */ = {isa = PBXBuildFile; fileRef = 2D4332221DF6FCBE008696FD /* PromiseKit.framework */; };
		2D4332281DF6FCBE008696FD /* PromiseKit.framework in Embed Frameworks */ = {isa = PBXBuildFile; fileRef = 2D4332221DF6FCBE008696FD /* PromiseKit.framework */; settings = {ATTRIBUTES = (CodeSignOnCopy, RemoveHeadersOnCopy, ); }; };
		330263811DC2475E007D7317 /* AppDelegate.swift in Sources */ = {isa = PBXBuildFile; fileRef = 330263801DC2475E007D7317 /* AppDelegate.swift */; };
		330263861DC2475E007D7317 /* Main.storyboard in Resources */ = {isa = PBXBuildFile; fileRef = 330263841DC2475E007D7317 /* Main.storyboard */; };
		330263881DC2475E007D7317 /* Assets.xcassets in Resources */ = {isa = PBXBuildFile; fileRef = 330263871DC2475E007D7317 /* Assets.xcassets */; };
		3302638B1DC2475E007D7317 /* LaunchScreen.storyboard in Resources */ = {isa = PBXBuildFile; fileRef = 330263891DC2475E007D7317 /* LaunchScreen.storyboard */; };
/* End PBXBuildFile section */

/* Begin PBXCopyFilesBuildPhase section */
		2D43321F1DF6FA67008696FD /* Embed Frameworks */ = {
			isa = PBXCopyFilesBuildPhase;
			buildActionMask = 2147483647;
			dstPath = "";
			dstSubfolderSpec = 10;
			files = (
				2D43321E1DF6FA67008696FD /* ElementsSwift.framework in Embed Frameworks */,
				2D4332261DF6FCBE008696FD /* JWT.framework in Embed Frameworks */,
				2D4332241DF6FCBE008696FD /* CryptoSwift.framework in Embed Frameworks */,
				2D4332281DF6FCBE008696FD /* PromiseKit.framework in Embed Frameworks */,
			);
			name = "Embed Frameworks";
			runOnlyForDeploymentPostprocessing = 0;
		};
/* End PBXCopyFilesBuildPhase section */

/* Begin PBXFileReference section */
		2D2B83271DF821B200357772 /* Elements iOS Example.entitlements */ = {isa = PBXFileReference; lastKnownFileType = text.plist.entitlements; path = "Elements iOS Example.entitlements"; sourceTree = "<group>"; };
		2D4332121DF6E0C9008696FD /* ElementsSwift.framework */ = {isa = PBXFileReference; lastKnownFileType = wrapper.framework; name = ElementsSwift.framework; path = ../../ElementsSwift/build/Debug/ElementsSwift.framework; sourceTree = "<group>"; };
		2D4332141DF6E0CF008696FD /* ElementsSwift.framework */ = {isa = PBXFileReference; explicitFileType = wrapper.framework; path = ElementsSwift.framework; sourceTree = BUILT_PRODUCTS_DIR; };
		2D4332181DF6F827008696FD /* UserNotificationsViewController.swift */ = {isa = PBXFileReference; fileEncoding = 4; lastKnownFileType = sourcecode.swift; path = UserNotificationsViewController.swift; sourceTree = "<group>"; };
		2D43321A1DF6F897008696FD /* FeedsViewController.swift */ = {isa = PBXFileReference; fileEncoding = 4; lastKnownFileType = sourcecode.swift; path = FeedsViewController.swift; sourceTree = "<group>"; };
		2D43321C1DF6FA67008696FD /* ElementsSwift.framework */ = {isa = PBXFileReference; explicitFileType = wrapper.framework; path = ElementsSwift.framework; sourceTree = BUILT_PRODUCTS_DIR; };
		2D4332201DF6FCBE008696FD /* CryptoSwift.framework */ = {isa = PBXFileReference; lastKnownFileType = wrapper.framework; path = CryptoSwift.framework; sourceTree = "<group>"; };
		2D4332211DF6FCBE008696FD /* JWT.framework */ = {isa = PBXFileReference; lastKnownFileType = wrapper.framework; path = JWT.framework; sourceTree = "<group>"; };
		2D4332221DF6FCBE008696FD /* PromiseKit.framework */ = {isa = PBXFileReference; lastKnownFileType = wrapper.framework; path = PromiseKit.framework; sourceTree = "<group>"; };
		3302637D1DC2475E007D7317 /* Elements iOS Example.app */ = {isa = PBXFileReference; explicitFileType = wrapper.application; includeInIndex = 0; path = "Elements iOS Example.app"; sourceTree = BUILT_PRODUCTS_DIR; };
		330263801DC2475E007D7317 /* AppDelegate.swift */ = {isa = PBXFileReference; lastKnownFileType = sourcecode.swift; path = AppDelegate.swift; sourceTree = "<group>"; };
		330263851DC2475E007D7317 /* Base */ = {isa = PBXFileReference; lastKnownFileType = file.storyboard; name = Base; path = Base.lproj/Main.storyboard; sourceTree = "<group>"; };
		330263871DC2475E007D7317 /* Assets.xcassets */ = {isa = PBXFileReference; lastKnownFileType = folder.assetcatalog; path = Assets.xcassets; sourceTree = "<group>"; };
		3302638A1DC2475E007D7317 /* Base */ = {isa = PBXFileReference; lastKnownFileType = file.storyboard; name = Base; path = Base.lproj/LaunchScreen.storyboard; sourceTree = "<group>"; };
		3302638C1DC2475E007D7317 /* Info.plist */ = {isa = PBXFileReference; lastKnownFileType = text.plist.xml; path = Info.plist; sourceTree = "<group>"; };
/* End PBXFileReference section */

/* Begin PBXFrameworksBuildPhase section */
		3302637A1DC2475E007D7317 /* Frameworks */ = {
			isa = PBXFrameworksBuildPhase;
			buildActionMask = 2147483647;
			files = (
				2D43321D1DF6FA67008696FD /* ElementsSwift.framework in Frameworks */,
				2D4332251DF6FCBE008696FD /* JWT.framework in Frameworks */,
				2D4332231DF6FCBE008696FD /* CryptoSwift.framework in Frameworks */,
				2D4332271DF6FCBE008696FD /* PromiseKit.framework in Frameworks */,
			);
			runOnlyForDeploymentPostprocessing = 0;
		};
/* End PBXFrameworksBuildPhase section */

/* Begin PBXGroup section */
		2D4332111DF6E0C9008696FD /* Frameworks */ = {
			isa = PBXGroup;
			children = (
				2D4332121DF6E0C9008696FD /* ElementsSwift.framework */,
			);
			name = Frameworks;
			sourceTree = "<group>";
		};
		330263741DC2475D007D7317 = {
			isa = PBXGroup;
			children = (
				2D4332201DF6FCBE008696FD /* CryptoSwift.framework */,
				2D4332211DF6FCBE008696FD /* JWT.framework */,
				2D4332221DF6FCBE008696FD /* PromiseKit.framework */,
				2D43321C1DF6FA67008696FD /* ElementsSwift.framework */,
				2D4332141DF6E0CF008696FD /* ElementsSwift.framework */,
				3302637F1DC2475E007D7317 /* Elements iOS Example */,
				3302637E1DC2475E007D7317 /* Products */,
				2D4332111DF6E0C9008696FD /* Frameworks */,
			);
			sourceTree = "<group>";
		};
		3302637E1DC2475E007D7317 /* Products */ = {
			isa = PBXGroup;
			children = (
				3302637D1DC2475E007D7317 /* Elements iOS Example.app */,
			);
			name = Products;
			sourceTree = "<group>";
		};
		3302637F1DC2475E007D7317 /* Elements iOS Example */ = {
			isa = PBXGroup;
			children = (
				2D2B83271DF821B200357772 /* Elements iOS Example.entitlements */,
				330263801DC2475E007D7317 /* AppDelegate.swift */,
				330263841DC2475E007D7317 /* Main.storyboard */,
				330263871DC2475E007D7317 /* Assets.xcassets */,
				330263891DC2475E007D7317 /* LaunchScreen.storyboard */,
				3302638C1DC2475E007D7317 /* Info.plist */,
				2D4332181DF6F827008696FD /* UserNotificationsViewController.swift */,
				2D43321A1DF6F897008696FD /* FeedsViewController.swift */,
			);
			path = "Elements iOS Example";
			sourceTree = "<group>";
		};
/* End PBXGroup section */

/* Begin PBXNativeTarget section */
		3302637C1DC2475E007D7317 /* Elements iOS Example */ = {
			isa = PBXNativeTarget;
			buildConfigurationList = 3302638F1DC2475E007D7317 /* Build configuration list for PBXNativeTarget "Elements iOS Example" */;
			buildPhases = (
				330263791DC2475E007D7317 /* Sources */,
				3302637A1DC2475E007D7317 /* Frameworks */,
				3302637B1DC2475E007D7317 /* Resources */,
				2D43321F1DF6FA67008696FD /* Embed Frameworks */,
			);
			buildRules = (
			);
			dependencies = (
			);
			name = "Elements iOS Example";
			productName = "Elements iOS Example";
			productReference = 3302637D1DC2475E007D7317 /* Elements iOS Example.app */;
			productType = "com.apple.product-type.application";
		};
/* End PBXNativeTarget section */

/* Begin PBXProject section */
		330263751DC2475D007D7317 /* Project object */ = {
			isa = PBXProject;
			attributes = {
				LastSwiftUpdateCheck = 0800;
				LastUpgradeCheck = 0810;
				ORGANIZATIONNAME = Pusher;
				TargetAttributes = {
					3302637C1DC2475E007D7317 = {
						CreatedOnToolsVersion = 8.0;
						DevelopmentTeam = H7FL434D9W;
						ProvisioningStyle = Automatic;
						SystemCapabilities = {
							com.apple.Push = {
								enabled = 1;
							};
						};
					};
				};
			};
			buildConfigurationList = 330263781DC2475D007D7317 /* Build configuration list for PBXProject "Elements iOS Example" */;
			compatibilityVersion = "Xcode 3.2";
			developmentRegion = English;
			hasScannedForEncodings = 0;
			knownRegions = (
				en,
				Base,
			);
			mainGroup = 330263741DC2475D007D7317;
			productRefGroup = 3302637E1DC2475E007D7317 /* Products */;
			projectDirPath = "";
			projectRoot = "";
			targets = (
				3302637C1DC2475E007D7317 /* Elements iOS Example */,
			);
		};
/* End PBXProject section */

/* Begin PBXResourcesBuildPhase section */
		3302637B1DC2475E007D7317 /* Resources */ = {
			isa = PBXResourcesBuildPhase;
			buildActionMask = 2147483647;
			files = (
				3302638B1DC2475E007D7317 /* LaunchScreen.storyboard in Resources */,
				330263881DC2475E007D7317 /* Assets.xcassets in Resources */,
				330263861DC2475E007D7317 /* Main.storyboard in Resources */,
			);
			runOnlyForDeploymentPostprocessing = 0;
		};
/* End PBXResourcesBuildPhase section */

/* Begin PBXSourcesBuildPhase section */
		330263791DC2475E007D7317 /* Sources */ = {
			isa = PBXSourcesBuildPhase;
			buildActionMask = 2147483647;
			files = (
				2D4332191DF6F827008696FD /* UserNotificationsViewController.swift in Sources */,
				2D43321B1DF6F897008696FD /* FeedsViewController.swift in Sources */,
				330263811DC2475E007D7317 /* AppDelegate.swift in Sources */,
			);
			runOnlyForDeploymentPostprocessing = 0;
		};
/* End PBXSourcesBuildPhase section */

/* Begin PBXVariantGroup section */
		330263841DC2475E007D7317 /* Main.storyboard */ = {
			isa = PBXVariantGroup;
			children = (
				330263851DC2475E007D7317 /* Base */,
			);
			name = Main.storyboard;
			sourceTree = "<group>";
		};
		330263891DC2475E007D7317 /* LaunchScreen.storyboard */ = {
			isa = PBXVariantGroup;
			children = (
				3302638A1DC2475E007D7317 /* Base */,
			);
			name = LaunchScreen.storyboard;
			sourceTree = "<group>";
		};
/* End PBXVariantGroup section */

/* Begin XCBuildConfiguration section */
		3302638D1DC2475E007D7317 /* Debug */ = {
			isa = XCBuildConfiguration;
			buildSettings = {
				ALWAYS_SEARCH_USER_PATHS = NO;
				CLANG_ANALYZER_NONNULL = YES;
				CLANG_CXX_LANGUAGE_STANDARD = "gnu++0x";
				CLANG_CXX_LIBRARY = "libc++";
				CLANG_ENABLE_MODULES = YES;
				CLANG_ENABLE_OBJC_ARC = YES;
				CLANG_WARN_BOOL_CONVERSION = YES;
				CLANG_WARN_CONSTANT_CONVERSION = YES;
				CLANG_WARN_DIRECT_OBJC_ISA_USAGE = YES_ERROR;
				CLANG_WARN_DOCUMENTATION_COMMENTS = YES;
				CLANG_WARN_EMPTY_BODY = YES;
				CLANG_WARN_ENUM_CONVERSION = YES;
				CLANG_WARN_INFINITE_RECURSION = YES;
				CLANG_WARN_INT_CONVERSION = YES;
				CLANG_WARN_OBJC_ROOT_CLASS = YES_ERROR;
				CLANG_WARN_SUSPICIOUS_MOVE = YES;
				CLANG_WARN_SUSPICIOUS_MOVES = YES;
				CLANG_WARN_UNREACHABLE_CODE = YES;
				CLANG_WARN__DUPLICATE_METHOD_MATCH = YES;
				"CODE_SIGN_IDENTITY[sdk=iphoneos*]" = "iPhone Developer";
				COPY_PHASE_STRIP = NO;
				DEBUG_INFORMATION_FORMAT = dwarf;
				ENABLE_STRICT_OBJC_MSGSEND = YES;
				ENABLE_TESTABILITY = YES;
				GCC_C_LANGUAGE_STANDARD = gnu99;
				GCC_DYNAMIC_NO_PIC = NO;
				GCC_NO_COMMON_BLOCKS = YES;
				GCC_OPTIMIZATION_LEVEL = 0;
				GCC_PREPROCESSOR_DEFINITIONS = (
					"DEBUG=1",
					"$(inherited)",
				);
				GCC_WARN_64_TO_32_BIT_CONVERSION = YES;
				GCC_WARN_ABOUT_RETURN_TYPE = YES_ERROR;
				GCC_WARN_UNDECLARED_SELECTOR = YES;
				GCC_WARN_UNINITIALIZED_AUTOS = YES_AGGRESSIVE;
				GCC_WARN_UNUSED_FUNCTION = YES;
				GCC_WARN_UNUSED_VARIABLE = YES;
				IPHONEOS_DEPLOYMENT_TARGET = 10.0;
				MTL_ENABLE_DEBUG_INFO = YES;
				ONLY_ACTIVE_ARCH = YES;
				SDKROOT = iphoneos;
				SWIFT_ACTIVE_COMPILATION_CONDITIONS = DEBUG;
				SWIFT_OPTIMIZATION_LEVEL = "-Onone";
			};
			name = Debug;
		};
		3302638E1DC2475E007D7317 /* Release */ = {
			isa = XCBuildConfiguration;
			buildSettings = {
				ALWAYS_SEARCH_USER_PATHS = NO;
				CLANG_ANALYZER_NONNULL = YES;
				CLANG_CXX_LANGUAGE_STANDARD = "gnu++0x";
				CLANG_CXX_LIBRARY = "libc++";
				CLANG_ENABLE_MODULES = YES;
				CLANG_ENABLE_OBJC_ARC = YES;
				CLANG_WARN_BOOL_CONVERSION = YES;
				CLANG_WARN_CONSTANT_CONVERSION = YES;
				CLANG_WARN_DIRECT_OBJC_ISA_USAGE = YES_ERROR;
				CLANG_WARN_DOCUMENTATION_COMMENTS = YES;
				CLANG_WARN_EMPTY_BODY = YES;
				CLANG_WARN_ENUM_CONVERSION = YES;
				CLANG_WARN_INFINITE_RECURSION = YES;
				CLANG_WARN_INT_CONVERSION = YES;
				CLANG_WARN_OBJC_ROOT_CLASS = YES_ERROR;
				CLANG_WARN_SUSPICIOUS_MOVE = YES;
				CLANG_WARN_SUSPICIOUS_MOVES = YES;
				CLANG_WARN_UNREACHABLE_CODE = YES;
				CLANG_WARN__DUPLICATE_METHOD_MATCH = YES;
				"CODE_SIGN_IDENTITY[sdk=iphoneos*]" = "iPhone Developer";
				COPY_PHASE_STRIP = NO;
				DEBUG_INFORMATION_FORMAT = "dwarf-with-dsym";
				ENABLE_NS_ASSERTIONS = NO;
				ENABLE_STRICT_OBJC_MSGSEND = YES;
				GCC_C_LANGUAGE_STANDARD = gnu99;
				GCC_NO_COMMON_BLOCKS = YES;
				GCC_WARN_64_TO_32_BIT_CONVERSION = YES;
				GCC_WARN_ABOUT_RETURN_TYPE = YES_ERROR;
				GCC_WARN_UNDECLARED_SELECTOR = YES;
				GCC_WARN_UNINITIALIZED_AUTOS = YES_AGGRESSIVE;
				GCC_WARN_UNUSED_FUNCTION = YES;
				GCC_WARN_UNUSED_VARIABLE = YES;
				IPHONEOS_DEPLOYMENT_TARGET = 10.0;
				MTL_ENABLE_DEBUG_INFO = NO;
				SDKROOT = iphoneos;
				SWIFT_OPTIMIZATION_LEVEL = "-Owholemodule";
				VALIDATE_PRODUCT = YES;
			};
			name = Release;
		};
		330263901DC2475E007D7317 /* Debug */ = {
			isa = XCBuildConfiguration;
			buildSettings = {
				ASSETCATALOG_COMPILER_APPICON_NAME = AppIcon;
				CODE_SIGN_ENTITLEMENTS = "Elements iOS Example/Elements iOS Example.entitlements";
				DEVELOPMENT_TEAM = H7FL434D9W;
				FRAMEWORK_SEARCH_PATHS = (
					"$(inherited)",
					"$(PROJECT_DIR)",
				);
				INFOPLIST_FILE = "Elements iOS Example/Info.plist";
				LD_RUNPATH_SEARCH_PATHS = "$(inherited) @executable_path/Frameworks";
				PRODUCT_BUNDLE_IDENTIFIER = "com.pusher.Elements-iOS-Example";
				PRODUCT_NAME = "$(TARGET_NAME)";
				SWIFT_VERSION = 3.0;
			};
			name = Debug;
		};
		330263911DC2475E007D7317 /* Release */ = {
			isa = XCBuildConfiguration;
			buildSettings = {
				ASSETCATALOG_COMPILER_APPICON_NAME = AppIcon;
				CODE_SIGN_ENTITLEMENTS = "Elements iOS Example/Elements iOS Example.entitlements";
				DEVELOPMENT_TEAM = H7FL434D9W;
				FRAMEWORK_SEARCH_PATHS = (
					"$(inherited)",
					"$(PROJECT_DIR)",
				);
				INFOPLIST_FILE = "Elements iOS Example/Info.plist";
				LD_RUNPATH_SEARCH_PATHS = "$(inherited) @executable_path/Frameworks";
				PRODUCT_BUNDLE_IDENTIFIER = "com.pusher.Elements-iOS-Example";
				PRODUCT_NAME = "$(TARGET_NAME)";
				SWIFT_VERSION = 3.0;
			};
			name = Release;
		};
/* End XCBuildConfiguration section */

/* Begin XCConfigurationList section */
		330263781DC2475D007D7317 /* Build configuration list for PBXProject "Elements iOS Example" */ = {
			isa = XCConfigurationList;
			buildConfigurations = (
				3302638D1DC2475E007D7317 /* Debug */,
				3302638E1DC2475E007D7317 /* Release */,
			);
			defaultConfigurationIsVisible = 0;
			defaultConfigurationName = Release;
		};
		3302638F1DC2475E007D7317 /* Build configuration list for PBXNativeTarget "Elements iOS Example" */ = {
			isa = XCConfigurationList;
			buildConfigurations = (
				330263901DC2475E007D7317 /* Debug */,
				330263911DC2475E007D7317 /* Release */,
			);
			defaultConfigurationIsVisible = 0;
			defaultConfigurationName = Release;
		};
/* End XCConfigurationList section */
	};
	rootObject = 330263751DC2475D007D7317 /* Project object */;
}
