// !$*UTF8*$!
{
	archiveVersion = 1;
	classes = {
	};
	objectVersion = 52;
	objects = {

/* Begin PBXAggregateTarget section */
		738A3EFF23E42D8E00B6A614 /* Make InstanceLocator File */ = {
			isa = PBXAggregateTarget;
			buildConfigurationList = 738A3F0023E42D8E00B6A614 /* Build configuration list for PBXAggregateTarget "Make InstanceLocator File" */;
			buildPhases = (
				738A3F0323E42DA900B6A614 /* ShellScript */,
			);
			dependencies = (
			);
			name = "Make InstanceLocator File";
			productName = "Make InstanceLocator File";
		};
/* End PBXAggregateTarget section */

/* Begin PBXBuildFile section */
		2205078223D0876E002E31A2 /* DispatchQueue+Extensions.swift in Sources */ = {isa = PBXBuildFile; fileRef = 2205078123D0876E002E31A2 /* DispatchQueue+Extensions.swift */; };
		2207208B23CDEAFD00FB4A3A /* DefaultTokenProviderTests.swift in Sources */ = {isa = PBXBuildFile; fileRef = 2207208A23CDEAFD00FB4A3A /* DefaultTokenProviderTests.swift */; };
		2207208E23CE116600FB4A3A /* Environment.swift in Sources */ = {isa = PBXBuildFile; fileRef = 2207208D23CE116600FB4A3A /* Environment.swift */; };
		2207209023CE136400FB4A3A /* CI.swift in Sources */ = {isa = PBXBuildFile; fileRef = 2207208F23CE136400FB4A3A /* CI.swift */; };
		2207209323CE1F5A00FB4A3A /* ProcessInfo+Extensions.swift in Sources */ = {isa = PBXBuildFile; fileRef = 2207209223CE1F5A00FB4A3A /* ProcessInfo+Extensions.swift */; };
		2207209623CE247400FB4A3A /* URL+Extensions.swift in Sources */ = {isa = PBXBuildFile; fileRef = 2207209523CE247400FB4A3A /* URL+Extensions.swift */; };
		220B446D23DAFEE600FF1C64 /* InstanceLocator.swift in Sources */ = {isa = PBXBuildFile; fileRef = 2207209723CE25F700FB4A3A /* InstanceLocator.swift */; };
		221A226923D5B5BA00C21F6A /* HTTPStubs+Extenstions.swift in Sources */ = {isa = PBXBuildFile; fileRef = 22C26F7A23CF39B700D2C8C2 /* HTTPStubs+Extenstions.swift */; };
		221A226A23D5B6AF00C21F6A /* token.json in Resources */ = {isa = PBXBuildFile; fileRef = 22C26F7723CF35A500D2C8C2 /* token.json */; };
		221A226C23D5C03300C21F6A /* Bundle+Extensions.swift in Sources */ = {isa = PBXBuildFile; fileRef = 221A226B23D5C03300C21F6A /* Bundle+Extensions.swift */; };
		2230F66323C5E704008B1580 /* AuthenticationResult.swift in Sources */ = {isa = PBXBuildFile; fileRef = 2230F66223C5E704008B1580 /* AuthenticationResult.swift */; };
		2230F66523C5E9D9008B1580 /* Token.swift in Sources */ = {isa = PBXBuildFile; fileRef = 2230F66423C5E9D9008B1580 /* Token.swift */; };
		2230F66723C5EA88008B1580 /* DefaultTokenProvider.swift in Sources */ = {isa = PBXBuildFile; fileRef = 2230F66623C5EA88008B1580 /* DefaultTokenProvider.swift */; };
		2230F66A23C61740008B1580 /* OAuthToken.swift in Sources */ = {isa = PBXBuildFile; fileRef = 2230F66923C61740008B1580 /* OAuthToken.swift */; };
		2230F66F23C61AF7008B1580 /* AuthenticationError.swift in Sources */ = {isa = PBXBuildFile; fileRef = 2230F66E23C61AF7008B1580 /* AuthenticationError.swift */; };
		22528E8722F994CE00F25C1C /* DispatchSemaphore.swift in Sources */ = {isa = PBXBuildFile; fileRef = 22528E8622F994CE00F25C1C /* DispatchSemaphore.swift */; };
		2267E6E323CCA118001973DA /* HeaderValueTests.swift in Sources */ = {isa = PBXBuildFile; fileRef = 2267E6E223CCA118001973DA /* HeaderValueTests.swift */; };
		2267E6E523CCA1D6001973DA /* HeaderFieldTests.swift in Sources */ = {isa = PBXBuildFile; fileRef = 2267E6E423CCA1D6001973DA /* HeaderFieldTests.swift */; };
		2267E6E723CCA340001973DA /* URLEncodedBodyItemNameTests.swift in Sources */ = {isa = PBXBuildFile; fileRef = 2267E6E623CCA340001973DA /* URLEncodedBodyItemNameTests.swift */; };
		2267E6E923CCA353001973DA /* URLEncodedBodyItemValueTests.swift in Sources */ = {isa = PBXBuildFile; fileRef = 2267E6E823CCA353001973DA /* URLEncodedBodyItemValueTests.swift */; };
		2267E6EB23CCA416001973DA /* URLEncodedBodyItemTests.swift in Sources */ = {isa = PBXBuildFile; fileRef = 2267E6EA23CCA416001973DA /* URLEncodedBodyItemTests.swift */; };
		2267E6ED23CCA54E001973DA /* URLEncodedBodySerializerTests.swift in Sources */ = {isa = PBXBuildFile; fileRef = 2267E6EC23CCA54E001973DA /* URLEncodedBodySerializerTests.swift */; };
		2267E6EF23CCA72A001973DA /* TokenTests.swift in Sources */ = {isa = PBXBuildFile; fileRef = 2267E6EE23CCA72A001973DA /* TokenTests.swift */; };
		2267E6F123CCA81C001973DA /* OAuthTokenTests.swift in Sources */ = {isa = PBXBuildFile; fileRef = 2267E6F023CCA81C001973DA /* OAuthTokenTests.swift */; };
		2267E6F623CCB68E001973DA /* Data+Extenstions.swift in Sources */ = {isa = PBXBuildFile; fileRef = 2267E6F523CCB68E001973DA /* Data+Extenstions.swift */; };
		2267E6F823CCB6CB001973DA /* DecoderWrapper.swift in Sources */ = {isa = PBXBuildFile; fileRef = 2267E6F723CCB6CB001973DA /* DecoderWrapper.swift */; };
		2267E6FA23CCB6ED001973DA /* JSONDecoder+Extenstions.swift in Sources */ = {isa = PBXBuildFile; fileRef = 2267E6F923CCB6ED001973DA /* JSONDecoder+Extenstions.swift */; };
		2267E6FC23CCB86C001973DA /* XCTest+Assertions.swift in Sources */ = {isa = PBXBuildFile; fileRef = 2267E6FB23CCB86C001973DA /* XCTest+Assertions.swift */; };
		2267E70423CCC3D8001973DA /* DefaultTokenProviderTests.swift in Sources */ = {isa = PBXBuildFile; fileRef = 2267E70323CCC3D8001973DA /* DefaultTokenProviderTests.swift */; };
		226DD51F23DB03EE0024A27D /* InstanceLocatorTests.swift in Sources */ = {isa = PBXBuildFile; fileRef = 226DD51E23DB03EE0024A27D /* InstanceLocatorTests.swift */; };
		228EE19923D09E6B00C4807B /* DispatchQueueExtensionsTests.swift in Sources */ = {isa = PBXBuildFile; fileRef = 228EE19823D09E6B00C4807B /* DispatchQueueExtensionsTests.swift */; };
		228EE19B23D0A0B500C4807B /* RetryableTokenProviderTests.swift in Sources */ = {isa = PBXBuildFile; fileRef = 228EE19A23D0A0B500C4807B /* RetryableTokenProviderTests.swift */; };
		2299919E23CF55B900B9D4CE /* RetryableTokenProvider.swift in Sources */ = {isa = PBXBuildFile; fileRef = 2299919D23CF55B900B9D4CE /* RetryableTokenProvider.swift */; };
		229A79A123C73C350051F565 /* Header.swift in Sources */ = {isa = PBXBuildFile; fileRef = 229A79A023C73C350051F565 /* Header.swift */; };
		229A79A523C768B60051F565 /* URLEncodedBodyItem.swift in Sources */ = {isa = PBXBuildFile; fileRef = 229A79A423C768B60051F565 /* URLEncodedBodyItem.swift */; };
		229A79A923C76D9F0051F565 /* URLEncodedBodySerializer.swift in Sources */ = {isa = PBXBuildFile; fileRef = 229A79A823C76D9F0051F565 /* URLEncodedBodySerializer.swift */; };
		22B91E2923E48107008D55C2 /* OHHTTPStubs in Frameworks */ = {isa = PBXBuildFile; productRef = 22B91E2823E48107008D55C2 /* OHHTTPStubs */; };
		22B91E2B23E48107008D55C2 /* OHHTTPStubsSwift in Frameworks */ = {isa = PBXBuildFile; productRef = 22B91E2A23E48107008D55C2 /* OHHTTPStubsSwift */; };
		22BC164F23ABE2F0003480C0 /* MessageParserTests.swift in Sources */ = {isa = PBXBuildFile; fileRef = 22BC164E23ABE2EF003480C0 /* MessageParserTests.swift */; };
		3301FDD92045984900AE591A /* PusherPlatform.framework in Frameworks */ = {isa = PBXBuildFile; fileRef = 33831C891A9CF61600B124F1 /* PusherPlatform.framework */; };
		3301FDDE2047035500AE591A /* SDKInfoHeaderTests.swift in Sources */ = {isa = PBXBuildFile; fileRef = 3301FDDC2047028D00AE591A /* SDKInfoHeaderTests.swift */; };
		33025C07212B346800C12249 /* PPRepeater.swift in Sources */ = {isa = PBXBuildFile; fileRef = 33025C06212B346800C12249 /* PPRepeater.swift */; };
		330DD21C1E0C433A00EC251F /* PPLogger.swift in Sources */ = {isa = PBXBuildFile; fileRef = 330DD21B1E0C433A00EC251F /* PPLogger.swift */; };
		330E59071DEDD38900C92897 /* PPResumableSubscription.swift in Sources */ = {isa = PBXBuildFile; fileRef = 330E59061DEDD38900C92897 /* PPResumableSubscription.swift */; };
		331F9BB71EB8D3F200C3F678 /* PPRetryableGeneralRequest.swift in Sources */ = {isa = PBXBuildFile; fileRef = 331F9BB61EB8D3F200C3F678 /* PPRetryableGeneralRequest.swift */; };
		332E05E61DDCA3DB007A55FB /* PPMessageParser.swift in Sources */ = {isa = PBXBuildFile; fileRef = 332E05E51DDCA3DB007A55FB /* PPMessageParser.swift */; };
		332E05E81DDCA919007A55FB /* PPMessage.swift in Sources */ = {isa = PBXBuildFile; fileRef = 332E05E71DDCA919007A55FB /* PPMessage.swift */; };
		33347F4C1FFE7F7F00E9D140 /* PPDownloadFileDestination.swift in Sources */ = {isa = PBXBuildFile; fileRef = 33347F4B1FFE7F7F00E9D140 /* PPDownloadFileDestination.swift */; };
		3337CF6220349CE1000892B6 /* PusherPlatform.h in Headers */ = {isa = PBXBuildFile; fileRef = 3337CF6120349CE1000892B6 /* PusherPlatform.h */; settings = {ATTRIBUTES = (Public, ); }; };
		3337CF652035E9FD000892B6 /* PPSDKInfo.swift in Sources */ = {isa = PBXBuildFile; fileRef = 3337CF642035E9FD000892B6 /* PPSDKInfo.swift */; };
		334B9A2F1ECCA295007A3D3B /* PPDefaultLogger.swift in Sources */ = {isa = PBXBuildFile; fileRef = 334B9A2E1ECCA295007A3D3B /* PPDefaultLogger.swift */; };
		334ED1F01FE96CE20041A9CA /* PPDownloadDelegate.swift in Sources */ = {isa = PBXBuildFile; fileRef = 334ED1EF1FE96CE20041A9CA /* PPDownloadDelegate.swift */; };
		336F2A391FFBF1510098687B /* PPGeneralRequestURLSessionDelegate.swift in Sources */ = {isa = PBXBuildFile; fileRef = 336F2A381FFBF1510098687B /* PPGeneralRequestURLSessionDelegate.swift */; };
		336F2A3B1FFBF17E0098687B /* PPSubscriptionURLSessionDelegate.swift in Sources */ = {isa = PBXBuildFile; fileRef = 336F2A3A1FFBF17E0098687B /* PPSubscriptionURLSessionDelegate.swift */; };
		33816B001EB3446900E5A169 /* PPRetryStrategy.swift in Sources */ = {isa = PBXBuildFile; fileRef = 33816AFF1EB3446900E5A169 /* PPRetryStrategy.swift */; };
		33816B041EB36E7F00E5A169 /* PPRequestOptions.swift in Sources */ = {isa = PBXBuildFile; fileRef = 33816B031EB36E7F00E5A169 /* PPRequestOptions.swift */; };
		33816B061EB375AA00E5A169 /* PPRequestTaskDelegate.swift in Sources */ = {isa = PBXBuildFile; fileRef = 33816B051EB375AA00E5A169 /* PPRequestTaskDelegate.swift */; };
		33816B081EB379F800E5A169 /* PPGeneralRequestDelegate.swift in Sources */ = {isa = PBXBuildFile; fileRef = 33816B071EB379F800E5A169 /* PPGeneralRequestDelegate.swift */; };
		3382024A1FFCF02B00DC9664 /* PPBaseURLSessionDelegate.swift in Sources */ = {isa = PBXBuildFile; fileRef = 338202491FFCF02B00DC9664 /* PPBaseURLSessionDelegate.swift */; };
		3382024C1FFCFEBB00DC9664 /* PPUploadDelegate.swift in Sources */ = {isa = PBXBuildFile; fileRef = 3382024B1FFCFEBB00DC9664 /* PPUploadDelegate.swift */; };
		3382024E1FFCFF2E00DC9664 /* PPDownloadURLSessionDelegate.swift in Sources */ = {isa = PBXBuildFile; fileRef = 3382024D1FFCFF2E00DC9664 /* PPDownloadURLSessionDelegate.swift */; };
		338202501FFCFF3B00DC9664 /* PPUploadURLSessionDelegate.swift in Sources */ = {isa = PBXBuildFile; fileRef = 3382024F1FFCFF3B00DC9664 /* PPUploadURLSessionDelegate.swift */; };
		338290721DF5CEC6008CDC8F /* Instance.swift in Sources */ = {isa = PBXBuildFile; fileRef = 338290711DF5CEC6008CDC8F /* Instance.swift */; };
		3388D6011EAF50220072A742 /* PPSubscriptionDelegate.swift in Sources */ = {isa = PBXBuildFile; fileRef = 3388D6001EAF50220072A742 /* PPSubscriptionDelegate.swift */; };
		33935EA81DA5399A00C5C064 /* TokenProvider.swift in Sources */ = {isa = PBXBuildFile; fileRef = 33935EA71DA5399A00C5C064 /* TokenProvider.swift */; };
		33935EB01DA53BCF00C5C064 /* PPBaseClient.swift in Sources */ = {isa = PBXBuildFile; fileRef = 33935EAF1DA53BCF00C5C064 /* PPBaseClient.swift */; };
		33DD99701FE195DF00A15211 /* PPMultipartFormData.swift in Sources */ = {isa = PBXBuildFile; fileRef = 33DD996F1FE195DE00A15211 /* PPMultipartFormData.swift */; };
		33ECD9DB1EB881B50091BF66 /* PPDefaultRetryStrategy.swift in Sources */ = {isa = PBXBuildFile; fileRef = 33ECD9DA1EB881B50091BF66 /* PPDefaultRetryStrategy.swift */; };
		33F37F781E0C20CC0048457F /* PPRequest.swift in Sources */ = {isa = PBXBuildFile; fileRef = 33F37F771E0C20CC0048457F /* PPRequest.swift */; };
		738A3ED623E30F0F00B6A614 /* InstanceTests.swift in Sources */ = {isa = PBXBuildFile; fileRef = 738A3ED523E30F0F00B6A614 /* InstanceTests.swift */; };
		738A3EDA23E3135800B6A614 /* PPLogger.swift in Sources */ = {isa = PBXBuildFile; fileRef = 738A3ED923E3135800B6A614 /* PPLogger.swift */; };
		738A3F0723E42E2900B6A614 /* InstanceLocator in Resources */ = {isa = PBXBuildFile; fileRef = 738A3F0623E42E2900B6A614 /* InstanceLocator */; };
		738A3F0A23E42F2E00B6A614 /* String+Extensions.swift in Sources */ = {isa = PBXBuildFile; fileRef = 738A3F0923E42F2E00B6A614 /* String+Extensions.swift */; };
/* End PBXBuildFile section */

/* Begin PBXContainerItemProxy section */
		2299919723CF420200B9D4CE /* PBXContainerItemProxy */ = {
			isa = PBXContainerItemProxy;
			containerPortal = 33831C4A1A9CEDF800B124F1 /* Project object */;
			proxyType = 1;
			remoteGlobalIDString = 33831C881A9CF61600B124F1;
			remoteInfo = Platform;
		};
		33831C961A9CF61600B124F1 /* PBXContainerItemProxy */ = {
			isa = PBXContainerItemProxy;
			containerPortal = 33831C4A1A9CEDF800B124F1 /* Project object */;
			proxyType = 1;
			remoteGlobalIDString = 33831C881A9CF61600B124F1;
			remoteInfo = PusherSwift;
		};
		738A3F0423E42DFC00B6A614 /* PBXContainerItemProxy */ = {
			isa = PBXContainerItemProxy;
			containerPortal = 33831C4A1A9CEDF800B124F1 /* Project object */;
			proxyType = 1;
			remoteGlobalIDString = 738A3EFF23E42D8E00B6A614;
			remoteInfo = "Make InstanceLocator File";
		};
/* End PBXContainerItemProxy section */

/* Begin PBXFileReference section */
		2205078123D0876E002E31A2 /* DispatchQueue+Extensions.swift */ = {isa = PBXFileReference; lastKnownFileType = sourcecode.swift; path = "DispatchQueue+Extensions.swift"; sourceTree = "<group>"; };
		2207208A23CDEAFD00FB4A3A /* DefaultTokenProviderTests.swift */ = {isa = PBXFileReference; lastKnownFileType = sourcecode.swift; path = DefaultTokenProviderTests.swift; sourceTree = "<group>"; };
		2207208D23CE116600FB4A3A /* Environment.swift */ = {isa = PBXFileReference; lastKnownFileType = sourcecode.swift; path = Environment.swift; sourceTree = "<group>"; };
		2207208F23CE136400FB4A3A /* CI.swift */ = {isa = PBXFileReference; lastKnownFileType = sourcecode.swift; path = CI.swift; sourceTree = "<group>"; };
		2207209223CE1F5A00FB4A3A /* ProcessInfo+Extensions.swift */ = {isa = PBXFileReference; lastKnownFileType = sourcecode.swift; path = "ProcessInfo+Extensions.swift"; sourceTree = "<group>"; };
		2207209523CE247400FB4A3A /* URL+Extensions.swift */ = {isa = PBXFileReference; lastKnownFileType = sourcecode.swift; path = "URL+Extensions.swift"; sourceTree = "<group>"; };
		2207209723CE25F700FB4A3A /* InstanceLocator.swift */ = {isa = PBXFileReference; lastKnownFileType = sourcecode.swift; path = InstanceLocator.swift; sourceTree = "<group>"; };
		221A226B23D5C03300C21F6A /* Bundle+Extensions.swift */ = {isa = PBXFileReference; lastKnownFileType = sourcecode.swift; path = "Bundle+Extensions.swift"; sourceTree = "<group>"; };
		2230F66223C5E704008B1580 /* AuthenticationResult.swift */ = {isa = PBXFileReference; lastKnownFileType = sourcecode.swift; path = AuthenticationResult.swift; sourceTree = "<group>"; };
		2230F66423C5E9D9008B1580 /* Token.swift */ = {isa = PBXFileReference; lastKnownFileType = sourcecode.swift; path = Token.swift; sourceTree = "<group>"; };
		2230F66623C5EA88008B1580 /* DefaultTokenProvider.swift */ = {isa = PBXFileReference; lastKnownFileType = sourcecode.swift; path = DefaultTokenProvider.swift; sourceTree = "<group>"; };
		2230F66923C61740008B1580 /* OAuthToken.swift */ = {isa = PBXFileReference; lastKnownFileType = sourcecode.swift; path = OAuthToken.swift; sourceTree = "<group>"; };
		2230F66E23C61AF7008B1580 /* AuthenticationError.swift */ = {isa = PBXFileReference; lastKnownFileType = sourcecode.swift; path = AuthenticationError.swift; sourceTree = "<group>"; };
		22528E8622F994CE00F25C1C /* DispatchSemaphore.swift */ = {isa = PBXFileReference; lastKnownFileType = sourcecode.swift; path = DispatchSemaphore.swift; sourceTree = "<group>"; };
		2267E6E223CCA118001973DA /* HeaderValueTests.swift */ = {isa = PBXFileReference; lastKnownFileType = sourcecode.swift; path = HeaderValueTests.swift; sourceTree = "<group>"; };
		2267E6E423CCA1D6001973DA /* HeaderFieldTests.swift */ = {isa = PBXFileReference; lastKnownFileType = sourcecode.swift; path = HeaderFieldTests.swift; sourceTree = "<group>"; };
		2267E6E623CCA340001973DA /* URLEncodedBodyItemNameTests.swift */ = {isa = PBXFileReference; lastKnownFileType = sourcecode.swift; path = URLEncodedBodyItemNameTests.swift; sourceTree = "<group>"; };
		2267E6E823CCA353001973DA /* URLEncodedBodyItemValueTests.swift */ = {isa = PBXFileReference; lastKnownFileType = sourcecode.swift; path = URLEncodedBodyItemValueTests.swift; sourceTree = "<group>"; };
		2267E6EA23CCA416001973DA /* URLEncodedBodyItemTests.swift */ = {isa = PBXFileReference; lastKnownFileType = sourcecode.swift; path = URLEncodedBodyItemTests.swift; sourceTree = "<group>"; };
		2267E6EC23CCA54E001973DA /* URLEncodedBodySerializerTests.swift */ = {isa = PBXFileReference; lastKnownFileType = sourcecode.swift; path = URLEncodedBodySerializerTests.swift; sourceTree = "<group>"; };
		2267E6EE23CCA72A001973DA /* TokenTests.swift */ = {isa = PBXFileReference; lastKnownFileType = sourcecode.swift; path = TokenTests.swift; sourceTree = "<group>"; };
		2267E6F023CCA81C001973DA /* OAuthTokenTests.swift */ = {isa = PBXFileReference; lastKnownFileType = sourcecode.swift; path = OAuthTokenTests.swift; sourceTree = "<group>"; };
		2267E6F523CCB68E001973DA /* Data+Extenstions.swift */ = {isa = PBXFileReference; lastKnownFileType = sourcecode.swift; path = "Data+Extenstions.swift"; sourceTree = "<group>"; };
		2267E6F723CCB6CB001973DA /* DecoderWrapper.swift */ = {isa = PBXFileReference; lastKnownFileType = sourcecode.swift; path = DecoderWrapper.swift; sourceTree = "<group>"; };
		2267E6F923CCB6ED001973DA /* JSONDecoder+Extenstions.swift */ = {isa = PBXFileReference; lastKnownFileType = sourcecode.swift; path = "JSONDecoder+Extenstions.swift"; sourceTree = "<group>"; };
		2267E6FB23CCB86C001973DA /* XCTest+Assertions.swift */ = {isa = PBXFileReference; lastKnownFileType = sourcecode.swift; path = "XCTest+Assertions.swift"; sourceTree = "<group>"; };
		2267E70323CCC3D8001973DA /* DefaultTokenProviderTests.swift */ = {isa = PBXFileReference; lastKnownFileType = sourcecode.swift; path = DefaultTokenProviderTests.swift; sourceTree = "<group>"; };
		226DD51E23DB03EE0024A27D /* InstanceLocatorTests.swift */ = {isa = PBXFileReference; lastKnownFileType = sourcecode.swift; path = InstanceLocatorTests.swift; sourceTree = "<group>"; };
		2277525A23CDE4C50046F15F /* System Tests.xctest */ = {isa = PBXFileReference; explicitFileType = wrapper.cfbundle; includeInIndex = 0; path = "System Tests.xctest"; sourceTree = BUILT_PRODUCTS_DIR; };
		2277525E23CDE4C50046F15F /* Info.plist */ = {isa = PBXFileReference; lastKnownFileType = text.plist.xml; path = Info.plist; sourceTree = "<group>"; };
		228EE19823D09E6B00C4807B /* DispatchQueueExtensionsTests.swift */ = {isa = PBXFileReference; lastKnownFileType = sourcecode.swift; path = DispatchQueueExtensionsTests.swift; sourceTree = "<group>"; };
		228EE19A23D0A0B500C4807B /* RetryableTokenProviderTests.swift */ = {isa = PBXFileReference; lastKnownFileType = sourcecode.swift; path = RetryableTokenProviderTests.swift; sourceTree = "<group>"; };
		2299919D23CF55B900B9D4CE /* RetryableTokenProvider.swift */ = {isa = PBXFileReference; lastKnownFileType = sourcecode.swift; path = RetryableTokenProvider.swift; sourceTree = "<group>"; };
		229A79A023C73C350051F565 /* Header.swift */ = {isa = PBXFileReference; lastKnownFileType = sourcecode.swift; path = Header.swift; sourceTree = "<group>"; };
		229A79A423C768B60051F565 /* URLEncodedBodyItem.swift */ = {isa = PBXFileReference; lastKnownFileType = sourcecode.swift; path = URLEncodedBodyItem.swift; sourceTree = "<group>"; };
		229A79A823C76D9F0051F565 /* URLEncodedBodySerializer.swift */ = {isa = PBXFileReference; lastKnownFileType = sourcecode.swift; path = URLEncodedBodySerializer.swift; sourceTree = "<group>"; };
		22BC164C23ABE2DF003480C0 /* Info.plist */ = {isa = PBXFileReference; fileEncoding = 4; lastKnownFileType = text.plist.xml; path = Info.plist; sourceTree = "<group>"; };
		22BC164E23ABE2EF003480C0 /* MessageParserTests.swift */ = {isa = PBXFileReference; fileEncoding = 4; lastKnownFileType = sourcecode.swift; path = MessageParserTests.swift; sourceTree = "<group>"; };
		22C26F7723CF35A500D2C8C2 /* token.json */ = {isa = PBXFileReference; fileEncoding = 4; lastKnownFileType = text.json; path = token.json; sourceTree = "<group>"; };
		22C26F7A23CF39B700D2C8C2 /* HTTPStubs+Extenstions.swift */ = {isa = PBXFileReference; lastKnownFileType = sourcecode.swift; path = "HTTPStubs+Extenstions.swift"; sourceTree = "<group>"; };
		3301FDDC2047028D00AE591A /* SDKInfoHeaderTests.swift */ = {isa = PBXFileReference; lastKnownFileType = sourcecode.swift; path = SDKInfoHeaderTests.swift; sourceTree = "<group>"; };
		33025C06212B346800C12249 /* PPRepeater.swift */ = {isa = PBXFileReference; fileEncoding = 4; lastKnownFileType = sourcecode.swift; path = PPRepeater.swift; sourceTree = "<group>"; };
		330DD21B1E0C433A00EC251F /* PPLogger.swift */ = {isa = PBXFileReference; fileEncoding = 4; lastKnownFileType = sourcecode.swift; path = PPLogger.swift; sourceTree = "<group>"; };
		330E59061DEDD38900C92897 /* PPResumableSubscription.swift */ = {isa = PBXFileReference; fileEncoding = 4; lastKnownFileType = sourcecode.swift; path = PPResumableSubscription.swift; sourceTree = "<group>"; };
		331F9BB61EB8D3F200C3F678 /* PPRetryableGeneralRequest.swift */ = {isa = PBXFileReference; fileEncoding = 4; lastKnownFileType = sourcecode.swift; path = PPRetryableGeneralRequest.swift; sourceTree = "<group>"; };
		332E05E51DDCA3DB007A55FB /* PPMessageParser.swift */ = {isa = PBXFileReference; fileEncoding = 4; lastKnownFileType = sourcecode.swift; path = PPMessageParser.swift; sourceTree = "<group>"; };
		332E05E71DDCA919007A55FB /* PPMessage.swift */ = {isa = PBXFileReference; fileEncoding = 4; lastKnownFileType = sourcecode.swift; path = PPMessage.swift; sourceTree = "<group>"; };
		33347F4B1FFE7F7F00E9D140 /* PPDownloadFileDestination.swift */ = {isa = PBXFileReference; lastKnownFileType = sourcecode.swift; path = PPDownloadFileDestination.swift; sourceTree = "<group>"; };
		3337CF6120349CE1000892B6 /* PusherPlatform.h */ = {isa = PBXFileReference; fileEncoding = 4; lastKnownFileType = sourcecode.c.h; path = PusherPlatform.h; sourceTree = "<group>"; };
		3337CF642035E9FD000892B6 /* PPSDKInfo.swift */ = {isa = PBXFileReference; lastKnownFileType = sourcecode.swift; path = PPSDKInfo.swift; sourceTree = "<group>"; };
		334B9A2E1ECCA295007A3D3B /* PPDefaultLogger.swift */ = {isa = PBXFileReference; fileEncoding = 4; lastKnownFileType = sourcecode.swift; path = PPDefaultLogger.swift; sourceTree = "<group>"; };
		334ED1EF1FE96CE20041A9CA /* PPDownloadDelegate.swift */ = {isa = PBXFileReference; lastKnownFileType = sourcecode.swift; path = PPDownloadDelegate.swift; sourceTree = "<group>"; };
		336F2A381FFBF1510098687B /* PPGeneralRequestURLSessionDelegate.swift */ = {isa = PBXFileReference; lastKnownFileType = sourcecode.swift; path = PPGeneralRequestURLSessionDelegate.swift; sourceTree = "<group>"; };
		336F2A3A1FFBF17E0098687B /* PPSubscriptionURLSessionDelegate.swift */ = {isa = PBXFileReference; lastKnownFileType = sourcecode.swift; path = PPSubscriptionURLSessionDelegate.swift; sourceTree = "<group>"; };
		33816AFF1EB3446900E5A169 /* PPRetryStrategy.swift */ = {isa = PBXFileReference; fileEncoding = 4; lastKnownFileType = sourcecode.swift; path = PPRetryStrategy.swift; sourceTree = "<group>"; };
		33816B031EB36E7F00E5A169 /* PPRequestOptions.swift */ = {isa = PBXFileReference; fileEncoding = 4; lastKnownFileType = sourcecode.swift; path = PPRequestOptions.swift; sourceTree = "<group>"; };
		33816B051EB375AA00E5A169 /* PPRequestTaskDelegate.swift */ = {isa = PBXFileReference; fileEncoding = 4; lastKnownFileType = sourcecode.swift; path = PPRequestTaskDelegate.swift; sourceTree = "<group>"; };
		33816B071EB379F800E5A169 /* PPGeneralRequestDelegate.swift */ = {isa = PBXFileReference; fileEncoding = 4; lastKnownFileType = sourcecode.swift; path = PPGeneralRequestDelegate.swift; sourceTree = "<group>"; };
		338202491FFCF02B00DC9664 /* PPBaseURLSessionDelegate.swift */ = {isa = PBXFileReference; lastKnownFileType = sourcecode.swift; path = PPBaseURLSessionDelegate.swift; sourceTree = "<group>"; };
		3382024B1FFCFEBB00DC9664 /* PPUploadDelegate.swift */ = {isa = PBXFileReference; lastKnownFileType = sourcecode.swift; path = PPUploadDelegate.swift; sourceTree = "<group>"; };
		3382024D1FFCFF2E00DC9664 /* PPDownloadURLSessionDelegate.swift */ = {isa = PBXFileReference; lastKnownFileType = sourcecode.swift; path = PPDownloadURLSessionDelegate.swift; sourceTree = "<group>"; };
		3382024F1FFCFF3B00DC9664 /* PPUploadURLSessionDelegate.swift */ = {isa = PBXFileReference; lastKnownFileType = sourcecode.swift; path = PPUploadURLSessionDelegate.swift; sourceTree = "<group>"; };
		338290711DF5CEC6008CDC8F /* Instance.swift */ = {isa = PBXFileReference; fileEncoding = 4; lastKnownFileType = sourcecode.swift; path = Instance.swift; sourceTree = "<group>"; };
		33831C891A9CF61600B124F1 /* PusherPlatform.framework */ = {isa = PBXFileReference; explicitFileType = wrapper.framework; includeInIndex = 0; path = PusherPlatform.framework; sourceTree = BUILT_PRODUCTS_DIR; };
		33831C8D1A9CF61600B124F1 /* Info.plist */ = {isa = PBXFileReference; lastKnownFileType = text.plist.xml; path = Info.plist; sourceTree = "<group>"; };
		33831C941A9CF61600B124F1 /* Unit Tests.xctest */ = {isa = PBXFileReference; explicitFileType = wrapper.cfbundle; includeInIndex = 0; path = "Unit Tests.xctest"; sourceTree = BUILT_PRODUCTS_DIR; };
		3388D6001EAF50220072A742 /* PPSubscriptionDelegate.swift */ = {isa = PBXFileReference; fileEncoding = 4; lastKnownFileType = sourcecode.swift; path = PPSubscriptionDelegate.swift; sourceTree = "<group>"; };
		33935EA71DA5399A00C5C064 /* TokenProvider.swift */ = {isa = PBXFileReference; fileEncoding = 4; lastKnownFileType = sourcecode.swift; path = TokenProvider.swift; sourceTree = "<group>"; };
		33935EAF1DA53BCF00C5C064 /* PPBaseClient.swift */ = {isa = PBXFileReference; fileEncoding = 4; lastKnownFileType = sourcecode.swift; path = PPBaseClient.swift; sourceTree = "<group>"; };
		33DD996F1FE195DE00A15211 /* PPMultipartFormData.swift */ = {isa = PBXFileReference; lastKnownFileType = sourcecode.swift; path = PPMultipartFormData.swift; sourceTree = "<group>"; };
		33ECD9DA1EB881B50091BF66 /* PPDefaultRetryStrategy.swift */ = {isa = PBXFileReference; fileEncoding = 4; lastKnownFileType = sourcecode.swift; path = PPDefaultRetryStrategy.swift; sourceTree = "<group>"; };
		33F37F771E0C20CC0048457F /* PPRequest.swift */ = {isa = PBXFileReference; fileEncoding = 4; lastKnownFileType = sourcecode.swift; path = PPRequest.swift; sourceTree = "<group>"; };
		738A3ED523E30F0F00B6A614 /* InstanceTests.swift */ = {isa = PBXFileReference; lastKnownFileType = sourcecode.swift; path = InstanceTests.swift; sourceTree = "<group>"; };
		738A3ED923E3135800B6A614 /* PPLogger.swift */ = {isa = PBXFileReference; lastKnownFileType = sourcecode.swift; path = PPLogger.swift; sourceTree = "<group>"; };
		738A3F0623E42E2900B6A614 /* InstanceLocator */ = {isa = PBXFileReference; fileEncoding = 4; lastKnownFileType = text; path = InstanceLocator; sourceTree = SOURCE_ROOT; };
		738A3F0923E42F2E00B6A614 /* String+Extensions.swift */ = {isa = PBXFileReference; fileEncoding = 4; lastKnownFileType = sourcecode.swift; path = "String+Extensions.swift"; sourceTree = "<group>"; };
/* End PBXFileReference section */

/* Begin PBXFrameworksBuildPhase section */
		2277525723CDE4C50046F15F /* Frameworks */ = {
			isa = PBXFrameworksBuildPhase;
			buildActionMask = 2147483647;
			files = (
			);
			runOnlyForDeploymentPostprocessing = 0;
		};
		33831C911A9CF61600B124F1 /* Frameworks */ = {
			isa = PBXFrameworksBuildPhase;
			buildActionMask = 2147483647;
			files = (
				3301FDD92045984900AE591A /* PusherPlatform.framework in Frameworks */,
				22B91E2B23E48107008D55C2 /* OHHTTPStubsSwift in Frameworks */,
				22B91E2923E48107008D55C2 /* OHHTTPStubs in Frameworks */,
			);
			runOnlyForDeploymentPostprocessing = 0;
		};
		50355EA8A07B4B8038A4DDF1 /* Frameworks */ = {
			isa = PBXFrameworksBuildPhase;
			buildActionMask = 2147483647;
			files = (
			);
			runOnlyForDeploymentPostprocessing = 0;
		};
/* End PBXFrameworksBuildPhase section */

/* Begin PBXGroup section */
		2205078323D08832002E31A2 /* Extensions */ = {
			isa = PBXGroup;
			children = (
				2205078123D0876E002E31A2 /* DispatchQueue+Extensions.swift */,
			);
			path = Extensions;
			sourceTree = "<group>";
		};
		2207208823CDEADF00FB4A3A /* Authentication */ = {
			isa = PBXGroup;
			children = (
				2207208923CDEAE700FB4A3A /* Token Provider */,
			);
			path = Authentication;
			sourceTree = "<group>";
		};
		2207208923CDEAE700FB4A3A /* Token Provider */ = {
			isa = PBXGroup;
			children = (
				2207208A23CDEAFD00FB4A3A /* DefaultTokenProviderTests.swift */,
			);
			path = "Token Provider";
			sourceTree = "<group>";
		};
		2207208C23CE115600FB4A3A /* Environment */ = {
			isa = PBXGroup;
			children = (
				2207209123CE1F4E00FB4A3A /* Extensions */,
				2207208D23CE116600FB4A3A /* Environment.swift */,
				2207208F23CE136400FB4A3A /* CI.swift */,
			);
			path = Environment;
			sourceTree = "<group>";
		};
		2207209123CE1F4E00FB4A3A /* Extensions */ = {
			isa = PBXGroup;
			children = (
				2207209223CE1F5A00FB4A3A /* ProcessInfo+Extensions.swift */,
				738A3F0923E42F2E00B6A614 /* String+Extensions.swift */,
			);
			path = Extensions;
			sourceTree = "<group>";
		};
		2207209423CE246B00FB4A3A /* Networking */ = {
			isa = PBXGroup;
			children = (
				2207209523CE247400FB4A3A /* URL+Extensions.swift */,
			);
			path = Networking;
			sourceTree = "<group>";
		};
		220B446C23DAFED700FF1C64 /* Instance Locator */ = {
			isa = PBXGroup;
			children = (
				2207209723CE25F700FB4A3A /* InstanceLocator.swift */,
			);
			path = "Instance Locator";
			sourceTree = "<group>";
		};
		2230F66823C61736008B1580 /* Token */ = {
			isa = PBXGroup;
			children = (
				2230F66923C61740008B1580 /* OAuthToken.swift */,
				2230F66423C5E9D9008B1580 /* Token.swift */,
			);
			path = Token;
			sourceTree = "<group>";
		};
		2230F66B23C619AB008B1580 /* Token Provider */ = {
			isa = PBXGroup;
			children = (
				2230F66623C5EA88008B1580 /* DefaultTokenProvider.swift */,
				2299919D23CF55B900B9D4CE /* RetryableTokenProvider.swift */,
				33935EA71DA5399A00C5C064 /* TokenProvider.swift */,
			);
			path = "Token Provider";
			sourceTree = "<group>";
		};
		2230F66C23C61AA6008B1580 /* Result */ = {
			isa = PBXGroup;
			children = (
				2230F66223C5E704008B1580 /* AuthenticationResult.swift */,
			);
			path = Result;
			sourceTree = "<group>";
		};
		2230F66D23C61ABC008B1580 /* Error Handling */ = {
			isa = PBXGroup;
			children = (
				2230F66E23C61AF7008B1580 /* AuthenticationError.swift */,
			);
			path = "Error Handling";
			sourceTree = "<group>";
		};
		2267E6DC23CC7B51001973DA /* Data */ = {
			isa = PBXGroup;
			children = (
				2267E6DD23CC7B57001973DA /* Body */,
				2267E6DE23CC7B5C001973DA /* Headers */,
				226DD51D23DB03E10024A27D /* Instance Locator */,
			);
			path = Data;
			sourceTree = "<group>";
		};
		2267E6DD23CC7B57001973DA /* Body */ = {
			isa = PBXGroup;
			children = (
				2267E6E623CCA340001973DA /* URLEncodedBodyItemNameTests.swift */,
				2267E6EA23CCA416001973DA /* URLEncodedBodyItemTests.swift */,
				2267E6E823CCA353001973DA /* URLEncodedBodyItemValueTests.swift */,
				2267E6EC23CCA54E001973DA /* URLEncodedBodySerializerTests.swift */,
			);
			path = Body;
			sourceTree = "<group>";
		};
		2267E6DE23CC7B5C001973DA /* Headers */ = {
			isa = PBXGroup;
			children = (
				2267E6E423CCA1D6001973DA /* HeaderFieldTests.swift */,
				2267E6E223CCA118001973DA /* HeaderValueTests.swift */,
			);
			path = Headers;
			sourceTree = "<group>";
		};
		2267E6DF23CC7B68001973DA /* Authentication */ = {
			isa = PBXGroup;
			children = (
				2267E6E023CC7B8D001973DA /* Token */,
				2267E6E123CC7B9C001973DA /* Token Provider */,
			);
			path = Authentication;
			sourceTree = "<group>";
		};
		2267E6E023CC7B8D001973DA /* Token */ = {
			isa = PBXGroup;
			children = (
				2267E6F023CCA81C001973DA /* OAuthTokenTests.swift */,
				2267E6EE23CCA72A001973DA /* TokenTests.swift */,
			);
			path = Token;
			sourceTree = "<group>";
		};
		2267E6E123CC7B9C001973DA /* Token Provider */ = {
			isa = PBXGroup;
			children = (
				2267E70323CCC3D8001973DA /* DefaultTokenProviderTests.swift */,
				228EE19A23D0A0B500C4807B /* RetryableTokenProviderTests.swift */,
			);
			path = "Token Provider";
			sourceTree = "<group>";
		};
		2267E6F223CCB499001973DA /* Utilities */ = {
			isa = PBXGroup;
			children = (
				221A226B23D5C03300C21F6A /* Bundle+Extensions.swift */,
				2267E6F523CCB68E001973DA /* Data+Extenstions.swift */,
				2267E6F723CCB6CB001973DA /* DecoderWrapper.swift */,
				22C26F7A23CF39B700D2C8C2 /* HTTPStubs+Extenstions.swift */,
				2267E6F923CCB6ED001973DA /* JSONDecoder+Extenstions.swift */,
				2267E6FB23CCB86C001973DA /* XCTest+Assertions.swift */,
			);
			path = Utilities;
			sourceTree = "<group>";
		};
		226DD51D23DB03E10024A27D /* Instance Locator */ = {
			isa = PBXGroup;
			children = (
				226DD51E23DB03EE0024A27D /* InstanceLocatorTests.swift */,
			);
			path = "Instance Locator";
			sourceTree = "<group>";
		};
		2277525B23CDE4C50046F15F /* System Tests */ = {
			isa = PBXGroup;
			children = (
				2207208C23CE115600FB4A3A /* Environment */,
				2207209423CE246B00FB4A3A /* Networking */,
				2277526323CDE5300046F15F /* Supporting Files */,
				2277526223CDE52C0046F15F /* Tests */,
			);
			path = "System Tests";
			sourceTree = "<group>";
		};
		2277526223CDE52C0046F15F /* Tests */ = {
			isa = PBXGroup;
			children = (
				2207208823CDEADF00FB4A3A /* Authentication */,
			);
			path = Tests;
			sourceTree = "<group>";
		};
		2277526323CDE5300046F15F /* Supporting Files */ = {
			isa = PBXGroup;
			children = (
				738A3F0623E42E2900B6A614 /* InstanceLocator */,
				2277525E23CDE4C50046F15F /* Info.plist */,
			);
			path = "Supporting Files";
			sourceTree = "<group>";
		};
		228EE19723D09E5A00C4807B /* Concurrency */ = {
			isa = PBXGroup;
			children = (
				228EE19823D09E6B00C4807B /* DispatchQueueExtensionsTests.swift */,
			);
			path = Concurrency;
			sourceTree = "<group>";
		};
		229A799F23C73C110051F565 /* Data */ = {
			isa = PBXGroup;
			children = (
				229A79A323C740690051F565 /* Body */,
				229A79A223C740650051F565 /* Headers */,
				220B446C23DAFED700FF1C64 /* Instance Locator */,
			);
			path = Data;
			sourceTree = "<group>";
		};
		229A79A223C740650051F565 /* Headers */ = {
			isa = PBXGroup;
			children = (
				229A79A023C73C350051F565 /* Header.swift */,
			);
			path = Headers;
			sourceTree = "<group>";
		};
		229A79A323C740690051F565 /* Body */ = {
			isa = PBXGroup;
			children = (
				229A79A423C768B60051F565 /* URLEncodedBodyItem.swift */,
				229A79A823C76D9F0051F565 /* URLEncodedBodySerializer.swift */,
			);
			path = Body;
			sourceTree = "<group>";
		};
		22BC164523ABE113003480C0 /* Tests */ = {
			isa = PBXGroup;
			children = (
				2267E6DF23CC7B68001973DA /* Authentication */,
				228EE19723D09E5A00C4807B /* Concurrency */,
				22BC165023ABE398003480C0 /* Networking */,
			);
			path = Tests;
			sourceTree = "<group>";
		};
		22BC164623ABE11F003480C0 /* Supporting Files */ = {
			isa = PBXGroup;
			children = (
				22C26F7623CF354100D2C8C2 /* Fixtures */,
				22BC164C23ABE2DF003480C0 /* Info.plist */,
			);
			path = "Supporting Files";
			sourceTree = "<group>";
		};
		22BC164723ABE13A003480C0 /* Networking */ = {
			isa = PBXGroup;
			children = (
				229A799F23C73C110051F565 /* Data */,
				338290711DF5CEC6008CDC8F /* Instance.swift */,
				33935EAF1DA53BCF00C5C064 /* PPBaseClient.swift */,
				338202491FFCF02B00DC9664 /* PPBaseURLSessionDelegate.swift */,
				33ECD9DA1EB881B50091BF66 /* PPDefaultRetryStrategy.swift */,
				334ED1EF1FE96CE20041A9CA /* PPDownloadDelegate.swift */,
				33347F4B1FFE7F7F00E9D140 /* PPDownloadFileDestination.swift */,
				3382024D1FFCFF2E00DC9664 /* PPDownloadURLSessionDelegate.swift */,
				33816B071EB379F800E5A169 /* PPGeneralRequestDelegate.swift */,
				336F2A381FFBF1510098687B /* PPGeneralRequestURLSessionDelegate.swift */,
				332E05E71DDCA919007A55FB /* PPMessage.swift */,
				332E05E51DDCA3DB007A55FB /* PPMessageParser.swift */,
				33DD996F1FE195DE00A15211 /* PPMultipartFormData.swift */,
				33F37F771E0C20CC0048457F /* PPRequest.swift */,
				33816B031EB36E7F00E5A169 /* PPRequestOptions.swift */,
				33816B051EB375AA00E5A169 /* PPRequestTaskDelegate.swift */,
				330E59061DEDD38900C92897 /* PPResumableSubscription.swift */,
				331F9BB61EB8D3F200C3F678 /* PPRetryableGeneralRequest.swift */,
				33816AFF1EB3446900E5A169 /* PPRetryStrategy.swift */,
				3388D6001EAF50220072A742 /* PPSubscriptionDelegate.swift */,
				336F2A3A1FFBF17E0098687B /* PPSubscriptionURLSessionDelegate.swift */,
				3382024B1FFCFEBB00DC9664 /* PPUploadDelegate.swift */,
				3382024F1FFCFF3B00DC9664 /* PPUploadURLSessionDelegate.swift */,
			);
			path = Networking;
			sourceTree = "<group>";
		};
		22BC164823ABE13F003480C0 /* Concurrency */ = {
			isa = PBXGroup;
			children = (
				2205078323D08832002E31A2 /* Extensions */,
				22528E8622F994CE00F25C1C /* DispatchSemaphore.swift */,
			);
			path = Concurrency;
			sourceTree = "<group>";
		};
		22BC164923ABE179003480C0 /* SDK Info */ = {
			isa = PBXGroup;
			children = (
				3337CF642035E9FD000892B6 /* PPSDKInfo.swift */,
			);
			path = "SDK Info";
			sourceTree = "<group>";
		};
		22BC164A23ABE18B003480C0 /* Repeater */ = {
			isa = PBXGroup;
			children = (
				33025C06212B346800C12249 /* PPRepeater.swift */,
			);
			path = Repeater;
			sourceTree = "<group>";
		};
		22BC164B23ABE1A0003480C0 /* Logging */ = {
			isa = PBXGroup;
			children = (
				334B9A2E1ECCA295007A3D3B /* PPDefaultLogger.swift */,
				330DD21B1E0C433A00EC251F /* PPLogger.swift */,
			);
			path = Logging;
			sourceTree = "<group>";
		};
		22BC165023ABE398003480C0 /* Networking */ = {
			isa = PBXGroup;
			children = (
				2267E6DC23CC7B51001973DA /* Data */,
				738A3ED523E30F0F00B6A614 /* InstanceTests.swift */,
				22BC164E23ABE2EF003480C0 /* MessageParserTests.swift */,
				3301FDDC2047028D00AE591A /* SDKInfoHeaderTests.swift */,
			);
			path = Networking;
			sourceTree = "<group>";
		};
		22C26F7623CF354100D2C8C2 /* Fixtures */ = {
			isa = PBXGroup;
			children = (
				22C26F7723CF35A500D2C8C2 /* token.json */,
			);
			path = Fixtures;
			sourceTree = "<group>";
		};
		33831C491A9CEDF800B124F1 = {
			isa = PBXGroup;
			children = (
				33831C8B1A9CF61600B124F1 /* Platform */,
				33BB995C1D21225B00B25C2A /* Unit Tests */,
				2277525B23CDE4C50046F15F /* System Tests */,
				33831C8A1A9CF61600B124F1 /* Products */,
			);
			sourceTree = "<group>";
		};
		33831C8A1A9CF61600B124F1 /* Products */ = {
			isa = PBXGroup;
			children = (
				33831C891A9CF61600B124F1 /* PusherPlatform.framework */,
				33831C941A9CF61600B124F1 /* Unit Tests.xctest */,
				2277525A23CDE4C50046F15F /* System Tests.xctest */,
			);
			name = Products;
			sourceTree = "<group>";
		};
		33831C8B1A9CF61600B124F1 /* Platform */ = {
			isa = PBXGroup;
			children = (
				33935EB21DA54F9400C5C064 /* Authentication */,
				22BC164823ABE13F003480C0 /* Concurrency */,
				22BC164B23ABE1A0003480C0 /* Logging */,
				22BC164723ABE13A003480C0 /* Networking */,
				22BC164A23ABE18B003480C0 /* Repeater */,
				22BC164923ABE179003480C0 /* SDK Info */,
				33831C8C1A9CF61600B124F1 /* Supporting Files */,
			);
			path = Platform;
			sourceTree = "<group>";
		};
		33831C8C1A9CF61600B124F1 /* Supporting Files */ = {
			isa = PBXGroup;
			children = (
				33831C8D1A9CF61600B124F1 /* Info.plist */,
				3337CF6120349CE1000892B6 /* PusherPlatform.h */,
			);
			path = "Supporting Files";
			sourceTree = "<group>";
		};
		33935EB21DA54F9400C5C064 /* Authentication */ = {
			isa = PBXGroup;
			children = (
				2230F66D23C61ABC008B1580 /* Error Handling */,
				2230F66C23C61AA6008B1580 /* Result */,
				2230F66823C61736008B1580 /* Token */,
				2230F66B23C619AB008B1580 /* Token Provider */,
			);
			path = Authentication;
			sourceTree = "<group>";
		};
		33BB995C1D21225B00B25C2A /* Unit Tests */ = {
			isa = PBXGroup;
			children = (
				738A3ED823E3134100B6A614 /* Doubles */,
				22BC164623ABE11F003480C0 /* Supporting Files */,
				22BC164523ABE113003480C0 /* Tests */,
				2267E6F223CCB499001973DA /* Utilities */,
			);
			path = "Unit Tests";
			sourceTree = "<group>";
		};
		738A3ED823E3134100B6A614 /* Doubles */ = {
			isa = PBXGroup;
			children = (
				738A3ED923E3135800B6A614 /* PPLogger.swift */,
			);
			path = Doubles;
			sourceTree = "<group>";
		};
/* End PBXGroup section */

/* Begin PBXHeadersBuildPhase section */
		33831C861A9CF61600B124F1 /* Headers */ = {
			isa = PBXHeadersBuildPhase;
			buildActionMask = 2147483647;
			files = (
				3337CF6220349CE1000892B6 /* PusherPlatform.h in Headers */,
			);
			runOnlyForDeploymentPostprocessing = 0;
		};
/* End PBXHeadersBuildPhase section */

/* Begin PBXNativeTarget section */
		2277525923CDE4C50046F15F /* System Tests */ = {
			isa = PBXNativeTarget;
			buildConfigurationList = 2277526123CDE4C50046F15F /* Build configuration list for PBXNativeTarget "System Tests" */;
			buildPhases = (
				2277525623CDE4C50046F15F /* Sources */,
				2277525723CDE4C50046F15F /* Frameworks */,
				2277525823CDE4C50046F15F /* Resources */,
			);
			buildRules = (
			);
			dependencies = (
				2299919823CF420200B9D4CE /* PBXTargetDependency */,
				738A3F0523E42DFC00B6A614 /* PBXTargetDependency */,
			);
			name = "System Tests";
			productName = "Functional Tests";
			productReference = 2277525A23CDE4C50046F15F /* System Tests.xctest */;
			productType = "com.apple.product-type.bundle.unit-test";
		};
		33831C881A9CF61600B124F1 /* Platform */ = {
			isa = PBXNativeTarget;
			buildConfigurationList = 33831C9D1A9CF61600B124F1 /* Build configuration list for PBXNativeTarget "Platform" */;
			buildPhases = (
				33831C841A9CF61600B124F1 /* Sources */,
				50355EA8A07B4B8038A4DDF1 /* Frameworks */,
				33831C861A9CF61600B124F1 /* Headers */,
				33831C871A9CF61600B124F1 /* Resources */,
			);
			buildRules = (
			);
			dependencies = (
			);
			name = Platform;
			productName = PusherSwift;
			productReference = 33831C891A9CF61600B124F1 /* PusherPlatform.framework */;
			productType = "com.apple.product-type.framework";
		};
		33831C931A9CF61600B124F1 /* Unit Tests */ = {
			isa = PBXNativeTarget;
			buildConfigurationList = 33831CA01A9CF61600B124F1 /* Build configuration list for PBXNativeTarget "Unit Tests" */;
			buildPhases = (
				33831C901A9CF61600B124F1 /* Sources */,
				33831C911A9CF61600B124F1 /* Frameworks */,
				33831C921A9CF61600B124F1 /* Resources */,
			);
			buildRules = (
			);
			dependencies = (
				33831C971A9CF61600B124F1 /* PBXTargetDependency */,
			);
			name = "Unit Tests";
			packageProductDependencies = (
				22B91E2823E48107008D55C2 /* OHHTTPStubs */,
				22B91E2A23E48107008D55C2 /* OHHTTPStubsSwift */,
			);
			productName = PusherSwiftTests;
			productReference = 33831C941A9CF61600B124F1 /* Unit Tests.xctest */;
			productType = "com.apple.product-type.bundle.unit-test";
		};
/* End PBXNativeTarget section */

/* Begin PBXProject section */
		33831C4A1A9CEDF800B124F1 /* Project object */ = {
			isa = PBXProject;
			attributes = {
				LastSwiftUpdateCheck = 1130;
				LastUpgradeCheck = 1130;
				TargetAttributes = {
					2277525923CDE4C50046F15F = {
						CreatedOnToolsVersion = 11.3.1;
						LastSwiftMigration = 1130;
					};
					33831C881A9CF61600B124F1 = {
						CreatedOnToolsVersion = 6.3;
						DevelopmentTeam = H7FL434D9W;
						LastSwiftMigration = 1130;
					};
					33831C931A9CF61600B124F1 = {
						CreatedOnToolsVersion = 6.3;
						DevelopmentTeam = H7FL434D9W;
						LastSwiftMigration = 1130;
					};
					738A3EFF23E42D8E00B6A614 = {
						CreatedOnToolsVersion = 11.3.1;
					};
				};
			};
			buildConfigurationList = 33831C4D1A9CEDF800B124F1 /* Build configuration list for PBXProject "Platform" */;
			compatibilityVersion = "Xcode 3.2";
			developmentRegion = English;
			hasScannedForEncodings = 0;
			knownRegions = (
				English,
				en,
			);
			mainGroup = 33831C491A9CEDF800B124F1;
			packageReferences = (
				22B91E2723E48107008D55C2 /* XCRemoteSwiftPackageReference "OHHTTPStubs" */,
			);
			productRefGroup = 33831C8A1A9CF61600B124F1 /* Products */;
			projectDirPath = "";
			projectRoot = "";
			targets = (
				33831C881A9CF61600B124F1 /* Platform */,
				33831C931A9CF61600B124F1 /* Unit Tests */,
				2277525923CDE4C50046F15F /* System Tests */,
				738A3EFF23E42D8E00B6A614 /* Make InstanceLocator File */,
			);
		};
/* End PBXProject section */

/* Begin PBXResourcesBuildPhase section */
		2277525823CDE4C50046F15F /* Resources */ = {
			isa = PBXResourcesBuildPhase;
			buildActionMask = 2147483647;
			files = (
				738A3F0723E42E2900B6A614 /* InstanceLocator in Resources */,
			);
			runOnlyForDeploymentPostprocessing = 0;
		};
		33831C871A9CF61600B124F1 /* Resources */ = {
			isa = PBXResourcesBuildPhase;
			buildActionMask = 2147483647;
			files = (
			);
			runOnlyForDeploymentPostprocessing = 0;
		};
		33831C921A9CF61600B124F1 /* Resources */ = {
			isa = PBXResourcesBuildPhase;
			buildActionMask = 2147483647;
			files = (
				221A226A23D5B6AF00C21F6A /* token.json in Resources */,
			);
			runOnlyForDeploymentPostprocessing = 0;
		};
/* End PBXResourcesBuildPhase section */

/* Begin PBXShellScriptBuildPhase section */
		738A3F0323E42DA900B6A614 /* ShellScript */ = {
			isa = PBXShellScriptBuildPhase;
			buildActionMask = 2147483647;
			files = (
			);
			inputFileListPaths = (
			);
			inputPaths = (
			);
			outputFileListPaths = (
			);
			outputPaths = (
			);
			runOnlyForDeploymentPostprocessing = 0;
			shellPath = /bin/sh;
			shellScript = "# Checks if an `<repo-root>/InstanceLocator` file exists and if it does not \n# creates one with contents \"<UNSPECIFIED>\"\n# Note the `<repo-root>/InstanceLocator` file is included in `.gitignore`\n\nINSTANCE_LOCATOR_FILEPATH=\"${SRCROOT}/InstanceLocator\"\n\necho \"Checking for existance of file '${INSTANCE_LOCATOR_FILEPATH}'\"\n\nif test ! -f \"${INSTANCE_LOCATOR_FILEPATH}\"; then\n    echo \"File missing, creating now...\"\n    echo \"<UNSPECIFIED>\" >> \"${INSTANCE_LOCATOR_FILEPATH}\"\n    echo \"Done\"\nelse \n    echo \"File exists, nothing to do.\"\nfi\n";
		};
/* End PBXShellScriptBuildPhase section */

/* Begin PBXSourcesBuildPhase section */
		2277525623CDE4C50046F15F /* Sources */ = {
			isa = PBXSourcesBuildPhase;
			buildActionMask = 2147483647;
			files = (
				2207208B23CDEAFD00FB4A3A /* DefaultTokenProviderTests.swift in Sources */,
				2207209323CE1F5A00FB4A3A /* ProcessInfo+Extensions.swift in Sources */,
				2207209623CE247400FB4A3A /* URL+Extensions.swift in Sources */,
				2207208E23CE116600FB4A3A /* Environment.swift in Sources */,
				738A3F0A23E42F2E00B6A614 /* String+Extensions.swift in Sources */,
				2207209023CE136400FB4A3A /* CI.swift in Sources */,
			);
			runOnlyForDeploymentPostprocessing = 0;
		};
		33831C841A9CF61600B124F1 /* Sources */ = {
			isa = PBXSourcesBuildPhase;
			buildActionMask = 2147483647;
			files = (
				330E59071DEDD38900C92897 /* PPResumableSubscription.swift in Sources */,
				334B9A2F1ECCA295007A3D3B /* PPDefaultLogger.swift in Sources */,
				338290721DF5CEC6008CDC8F /* Instance.swift in Sources */,
				33ECD9DB1EB881B50091BF66 /* PPDefaultRetryStrategy.swift in Sources */,
				33347F4C1FFE7F7F00E9D140 /* PPDownloadFileDestination.swift in Sources */,
				3388D6011EAF50220072A742 /* PPSubscriptionDelegate.swift in Sources */,
				33DD99701FE195DF00A15211 /* PPMultipartFormData.swift in Sources */,
				2230F66523C5E9D9008B1580 /* Token.swift in Sources */,
				220B446D23DAFEE600FF1C64 /* InstanceLocator.swift in Sources */,
				2299919E23CF55B900B9D4CE /* RetryableTokenProvider.swift in Sources */,
				3382024A1FFCF02B00DC9664 /* PPBaseURLSessionDelegate.swift in Sources */,
				2230F66A23C61740008B1580 /* OAuthToken.swift in Sources */,
				33935EB01DA53BCF00C5C064 /* PPBaseClient.swift in Sources */,
				2230F66323C5E704008B1580 /* AuthenticationResult.swift in Sources */,
				331F9BB71EB8D3F200C3F678 /* PPRetryableGeneralRequest.swift in Sources */,
				330DD21C1E0C433A00EC251F /* PPLogger.swift in Sources */,
				33F37F781E0C20CC0048457F /* PPRequest.swift in Sources */,
				3382024E1FFCFF2E00DC9664 /* PPDownloadURLSessionDelegate.swift in Sources */,
				336F2A391FFBF1510098687B /* PPGeneralRequestURLSessionDelegate.swift in Sources */,
				33816B041EB36E7F00E5A169 /* PPRequestOptions.swift in Sources */,
				33025C07212B346800C12249 /* PPRepeater.swift in Sources */,
				22528E8722F994CE00F25C1C /* DispatchSemaphore.swift in Sources */,
				229A79A123C73C350051F565 /* Header.swift in Sources */,
				332E05E61DDCA3DB007A55FB /* PPMessageParser.swift in Sources */,
				2230F66723C5EA88008B1580 /* DefaultTokenProvider.swift in Sources */,
				3337CF652035E9FD000892B6 /* PPSDKInfo.swift in Sources */,
				229A79A923C76D9F0051F565 /* URLEncodedBodySerializer.swift in Sources */,
				336F2A3B1FFBF17E0098687B /* PPSubscriptionURLSessionDelegate.swift in Sources */,
				229A79A523C768B60051F565 /* URLEncodedBodyItem.swift in Sources */,
				334ED1F01FE96CE20041A9CA /* PPDownloadDelegate.swift in Sources */,
				2205078223D0876E002E31A2 /* DispatchQueue+Extensions.swift in Sources */,
				332E05E81DDCA919007A55FB /* PPMessage.swift in Sources */,
				338202501FFCFF3B00DC9664 /* PPUploadURLSessionDelegate.swift in Sources */,
				2230F66F23C61AF7008B1580 /* AuthenticationError.swift in Sources */,
				33816B081EB379F800E5A169 /* PPGeneralRequestDelegate.swift in Sources */,
				33816B061EB375AA00E5A169 /* PPRequestTaskDelegate.swift in Sources */,
				3382024C1FFCFEBB00DC9664 /* PPUploadDelegate.swift in Sources */,
				33935EA81DA5399A00C5C064 /* TokenProvider.swift in Sources */,
				33816B001EB3446900E5A169 /* PPRetryStrategy.swift in Sources */,
			);
			runOnlyForDeploymentPostprocessing = 0;
		};
		33831C901A9CF61600B124F1 /* Sources */ = {
			isa = PBXSourcesBuildPhase;
			buildActionMask = 2147483647;
			files = (
				2267E6F823CCB6CB001973DA /* DecoderWrapper.swift in Sources */,
				226DD51F23DB03EE0024A27D /* InstanceLocatorTests.swift in Sources */,
				2267E6EF23CCA72A001973DA /* TokenTests.swift in Sources */,
				22BC164F23ABE2F0003480C0 /* MessageParserTests.swift in Sources */,
				2267E6E523CCA1D6001973DA /* HeaderFieldTests.swift in Sources */,
				2267E6E723CCA340001973DA /* URLEncodedBodyItemNameTests.swift in Sources */,
				738A3ED623E30F0F00B6A614 /* InstanceTests.swift in Sources */,
				228EE19B23D0A0B500C4807B /* RetryableTokenProviderTests.swift in Sources */,
				2267E6E923CCA353001973DA /* URLEncodedBodyItemValueTests.swift in Sources */,
				2267E6F123CCA81C001973DA /* OAuthTokenTests.swift in Sources */,
				2267E6F623CCB68E001973DA /* Data+Extenstions.swift in Sources */,
				2267E6FC23CCB86C001973DA /* XCTest+Assertions.swift in Sources */,
				2267E6EB23CCA416001973DA /* URLEncodedBodyItemTests.swift in Sources */,
				738A3EDA23E3135800B6A614 /* PPLogger.swift in Sources */,
				221A226C23D5C03300C21F6A /* Bundle+Extensions.swift in Sources */,
				221A226923D5B5BA00C21F6A /* HTTPStubs+Extenstions.swift in Sources */,
				2267E6FA23CCB6ED001973DA /* JSONDecoder+Extenstions.swift in Sources */,
				3301FDDE2047035500AE591A /* SDKInfoHeaderTests.swift in Sources */,
				2267E6ED23CCA54E001973DA /* URLEncodedBodySerializerTests.swift in Sources */,
				2267E6E323CCA118001973DA /* HeaderValueTests.swift in Sources */,
				2267E70423CCC3D8001973DA /* DefaultTokenProviderTests.swift in Sources */,
				228EE19923D09E6B00C4807B /* DispatchQueueExtensionsTests.swift in Sources */,
			);
			runOnlyForDeploymentPostprocessing = 0;
		};
/* End PBXSourcesBuildPhase section */

/* Begin PBXTargetDependency section */
		2299919823CF420200B9D4CE /* PBXTargetDependency */ = {
			isa = PBXTargetDependency;
			target = 33831C881A9CF61600B124F1 /* Platform */;
			targetProxy = 2299919723CF420200B9D4CE /* PBXContainerItemProxy */;
		};
		33831C971A9CF61600B124F1 /* PBXTargetDependency */ = {
			isa = PBXTargetDependency;
			target = 33831C881A9CF61600B124F1 /* Platform */;
			targetProxy = 33831C961A9CF61600B124F1 /* PBXContainerItemProxy */;
		};
		738A3F0523E42DFC00B6A614 /* PBXTargetDependency */ = {
			isa = PBXTargetDependency;
			target = 738A3EFF23E42D8E00B6A614 /* Make InstanceLocator File */;
			targetProxy = 738A3F0423E42DFC00B6A614 /* PBXContainerItemProxy */;
		};
/* End PBXTargetDependency section */

/* Begin XCBuildConfiguration section */
		2277525F23CDE4C50046F15F /* Debug */ = {
			isa = XCBuildConfiguration;
			buildSettings = {
				INFOPLIST_FILE = "$(SRCROOT)/System Tests/Supporting Files/Info.plist";
				PRODUCT_BUNDLE_IDENTIFIER = "com.pusher.platform.$(PRODUCT_NAME:rfc1034identifier)";
			};
			name = Debug;
		};
		2277526023CDE4C50046F15F /* Release */ = {
			isa = XCBuildConfiguration;
			buildSettings = {
				INFOPLIST_FILE = "$(SRCROOT)/System Tests/Supporting Files/Info.plist";
				PRODUCT_BUNDLE_IDENTIFIER = "com.pusher.platform.$(PRODUCT_NAME:rfc1034identifier)";
			};
			name = Release;
		};
		33831C4E1A9CEDF800B124F1 /* Debug */ = {
			isa = XCBuildConfiguration;
			buildSettings = {
				ALWAYS_SEARCH_USER_PATHS = NO;
				CLANG_ANALYZER_LOCALIZABILITY_NONLOCALIZED = YES;
				CLANG_ANALYZER_NONNULL = YES;
				CLANG_ANALYZER_NUMBER_OBJECT_CONVERSION = YES_AGGRESSIVE;
				CLANG_ENABLE_MODULES = YES;
				CLANG_ENABLE_OBJC_ARC = YES;
				CLANG_ENABLE_OBJC_WEAK = YES;
				CLANG_WARN_BLOCK_CAPTURE_AUTORELEASING = YES;
				CLANG_WARN_BOOL_CONVERSION = YES;
				CLANG_WARN_COMMA = YES;
				CLANG_WARN_CONSTANT_CONVERSION = YES;
				CLANG_WARN_DEPRECATED_OBJC_IMPLEMENTATIONS = YES;
				CLANG_WARN_DIRECT_OBJC_ISA_USAGE = YES_ERROR;
				CLANG_WARN_DOCUMENTATION_COMMENTS = YES;
				CLANG_WARN_EMPTY_BODY = YES;
				CLANG_WARN_ENUM_CONVERSION = YES;
				CLANG_WARN_INFINITE_RECURSION = YES;
				CLANG_WARN_INT_CONVERSION = YES;
				CLANG_WARN_NON_LITERAL_NULL_CONVERSION = YES;
				CLANG_WARN_OBJC_IMPLICIT_RETAIN_SELF = YES;
				CLANG_WARN_OBJC_LITERAL_CONVERSION = YES;
				CLANG_WARN_OBJC_ROOT_CLASS = YES_ERROR;
				CLANG_WARN_RANGE_LOOP_ANALYSIS = YES;
				CLANG_WARN_STRICT_PROTOTYPES = YES;
				CLANG_WARN_SUSPICIOUS_MOVE = YES;
				CLANG_WARN_UNGUARDED_AVAILABILITY = YES_AGGRESSIVE;
				CLANG_WARN_UNREACHABLE_CODE = YES;
				CLANG_WARN__DUPLICATE_METHOD_MATCH = YES;
				COPY_PHASE_STRIP = NO;
				CURRENT_PROJECT_VERSION = 1;
				DEBUG_INFORMATION_FORMAT = dwarf;
				DEFINES_MODULE = YES;
				ENABLE_STRICT_OBJC_MSGSEND = YES;
				ENABLE_TESTABILITY = YES;
				GCC_NO_COMMON_BLOCKS = YES;
				GCC_OPTIMIZATION_LEVEL = 0;
				GCC_PREPROCESSOR_DEFINITIONS = (
					"DEBUG=1",
					"$(inherited)",
				);
				GCC_WARN_64_TO_32_BIT_CONVERSION = YES;
				GCC_WARN_ABOUT_RETURN_TYPE = YES_ERROR;
				GCC_WARN_UNDECLARED_SELECTOR = YES;
				GCC_WARN_UNINITIALIZED_AUTOS = YES_AGGRESSIVE;
				GCC_WARN_UNUSED_FUNCTION = YES;
				GCC_WARN_UNUSED_VARIABLE = YES;
				IPHONEOS_DEPLOYMENT_TARGET = 10.0;
				LD_RUNPATH_SEARCH_PATHS = (
					"$(inherited)",
					"@executable_path/Frameworks",
					"@loader_path/Frameworks",
				);
				"LD_RUNPATH_SEARCH_PATHS[sdk=macosx*]" = (
					"$(inherited)",
					"@executable_path/../Frameworks",
					"@loader_path/../Frameworks",
				);
				MACOSX_DEPLOYMENT_TARGET = 10.12;
				MTL_ENABLE_DEBUG_INFO = INCLUDE_SOURCE;
				MTL_FAST_MATH = YES;
				ONLY_ACTIVE_ARCH = YES;
				PRODUCT_NAME = "$(TARGET_NAME)";
				SKIP_INSTALL = YES;
				SUPPORTED_PLATFORMS = "macosx iphonesimulator appletvsimulator watchsimulator watchos appletvos iphoneos";
				SWIFT_ACTIVE_COMPILATION_CONDITIONS = DEBUG;
				SWIFT_OPTIMIZATION_LEVEL = "-Onone";
				SWIFT_VERSION = 4.2;
				TVOS_DEPLOYMENT_TARGET = 10.0;
				VERSIONING_SYSTEM = "apple-generic";
				WATCHOS_DEPLOYMENT_TARGET = 3.0;
			};
			name = Debug;
		};
		33831C4F1A9CEDF800B124F1 /* Release */ = {
			isa = XCBuildConfiguration;
			buildSettings = {
				ALWAYS_SEARCH_USER_PATHS = NO;
				CLANG_ANALYZER_LOCALIZABILITY_NONLOCALIZED = YES;
				CLANG_ANALYZER_NONNULL = YES;
				CLANG_ANALYZER_NUMBER_OBJECT_CONVERSION = YES_AGGRESSIVE;
				CLANG_ENABLE_MODULES = YES;
				CLANG_ENABLE_OBJC_ARC = YES;
				CLANG_ENABLE_OBJC_WEAK = YES;
				CLANG_WARN_BLOCK_CAPTURE_AUTORELEASING = YES;
				CLANG_WARN_BOOL_CONVERSION = YES;
				CLANG_WARN_COMMA = YES;
				CLANG_WARN_CONSTANT_CONVERSION = YES;
				CLANG_WARN_DEPRECATED_OBJC_IMPLEMENTATIONS = YES;
				CLANG_WARN_DIRECT_OBJC_ISA_USAGE = YES_ERROR;
				CLANG_WARN_DOCUMENTATION_COMMENTS = YES;
				CLANG_WARN_EMPTY_BODY = YES;
				CLANG_WARN_ENUM_CONVERSION = YES;
				CLANG_WARN_INFINITE_RECURSION = YES;
				CLANG_WARN_INT_CONVERSION = YES;
				CLANG_WARN_NON_LITERAL_NULL_CONVERSION = YES;
				CLANG_WARN_OBJC_IMPLICIT_RETAIN_SELF = YES;
				CLANG_WARN_OBJC_LITERAL_CONVERSION = YES;
				CLANG_WARN_OBJC_ROOT_CLASS = YES_ERROR;
				CLANG_WARN_RANGE_LOOP_ANALYSIS = YES;
				CLANG_WARN_STRICT_PROTOTYPES = YES;
				CLANG_WARN_SUSPICIOUS_MOVE = YES;
				CLANG_WARN_UNGUARDED_AVAILABILITY = YES_AGGRESSIVE;
				CLANG_WARN_UNREACHABLE_CODE = YES;
				CLANG_WARN__DUPLICATE_METHOD_MATCH = YES;
				COPY_PHASE_STRIP = NO;
				CURRENT_PROJECT_VERSION = 1;
				DEBUG_INFORMATION_FORMAT = "dwarf-with-dsym";
				DEFINES_MODULE = YES;
				ENABLE_NS_ASSERTIONS = NO;
				ENABLE_STRICT_OBJC_MSGSEND = YES;
				GCC_NO_COMMON_BLOCKS = YES;
				GCC_WARN_64_TO_32_BIT_CONVERSION = YES;
				GCC_WARN_ABOUT_RETURN_TYPE = YES_ERROR;
				GCC_WARN_UNDECLARED_SELECTOR = YES;
				GCC_WARN_UNINITIALIZED_AUTOS = YES_AGGRESSIVE;
				GCC_WARN_UNUSED_FUNCTION = YES;
				GCC_WARN_UNUSED_VARIABLE = YES;
				IPHONEOS_DEPLOYMENT_TARGET = 10.0;
				LD_RUNPATH_SEARCH_PATHS = (
					"$(inherited)",
					"@executable_path/Frameworks",
					"@loader_path/Frameworks",
				);
				"LD_RUNPATH_SEARCH_PATHS[sdk=macosx*]" = (
					"$(inherited)",
					"@executable_path/../Frameworks",
					"@loader_path/../Frameworks",
				);
				MACOSX_DEPLOYMENT_TARGET = 10.12;
				MTL_ENABLE_DEBUG_INFO = NO;
				MTL_FAST_MATH = YES;
				PRODUCT_NAME = "$(TARGET_NAME)";
				SKIP_INSTALL = YES;
				SUPPORTED_PLATFORMS = "macosx iphonesimulator appletvsimulator watchsimulator watchos appletvos iphoneos";
				SWIFT_COMPILATION_MODE = wholemodule;
				SWIFT_VERSION = 4.2;
				TVOS_DEPLOYMENT_TARGET = 10.0;
				VALIDATE_PRODUCT = YES;
				VERSIONING_SYSTEM = "apple-generic";
				WATCHOS_DEPLOYMENT_TARGET = 3.0;
			};
			name = Release;
		};
		33831C9E1A9CF61600B124F1 /* Debug */ = {
			isa = XCBuildConfiguration;
			buildSettings = {
				APPLICATION_EXTENSION_API_ONLY = YES;
				DYLIB_COMPATIBILITY_VERSION = 1;
				DYLIB_CURRENT_VERSION = 1;
				DYLIB_INSTALL_NAME_BASE = "@rpath";
				INFOPLIST_FILE = "$(SRCROOT)/Platform/Supporting Files/Info.plist";
				MARKETING_VERSION = 0.7.3;
				PRODUCT_BUNDLE_IDENTIFIER = com.pusher.platform;
				PRODUCT_NAME = PusherPlatform;
			};
			name = Debug;
		};
		33831C9F1A9CF61600B124F1 /* Release */ = {
			isa = XCBuildConfiguration;
			buildSettings = {
				APPLICATION_EXTENSION_API_ONLY = YES;
				DYLIB_COMPATIBILITY_VERSION = 1;
				DYLIB_CURRENT_VERSION = 1;
				DYLIB_INSTALL_NAME_BASE = "@rpath";
				INFOPLIST_FILE = "$(SRCROOT)/Platform/Supporting Files/Info.plist";
				MARKETING_VERSION = 0.7.3;
				PRODUCT_BUNDLE_IDENTIFIER = com.pusher.platform;
				PRODUCT_NAME = PusherPlatform;
			};
			name = Release;
		};
		33831CA11A9CF61600B124F1 /* Debug */ = {
			isa = XCBuildConfiguration;
			buildSettings = {
				INFOPLIST_FILE = "$(SRCROOT)/Unit Tests/Supporting Files/Info.plist";
				PRODUCT_BUNDLE_IDENTIFIER = "com.pusher.platform.$(PRODUCT_NAME:rfc1034identifier)";
			};
			name = Debug;
		};
		33831CA21A9CF61600B124F1 /* Release */ = {
			isa = XCBuildConfiguration;
			buildSettings = {
				INFOPLIST_FILE = "$(SRCROOT)/Unit Tests/Supporting Files/Info.plist";
				PRODUCT_BUNDLE_IDENTIFIER = "com.pusher.platform.$(PRODUCT_NAME:rfc1034identifier)";
			};
			name = Release;
		};
		738A3F0123E42D8E00B6A614 /* Debug */ = {
			isa = XCBuildConfiguration;
			buildSettings = {
			};
			name = Debug;
		};
		738A3F0223E42D8E00B6A614 /* Release */ = {
			isa = XCBuildConfiguration;
			buildSettings = {
			};
			name = Release;
		};
/* End XCBuildConfiguration section */

/* Begin XCConfigurationList section */
		2277526123CDE4C50046F15F /* Build configuration list for PBXNativeTarget "System Tests" */ = {
			isa = XCConfigurationList;
			buildConfigurations = (
				2277525F23CDE4C50046F15F /* Debug */,
				2277526023CDE4C50046F15F /* Release */,
			);
			defaultConfigurationIsVisible = 0;
			defaultConfigurationName = Release;
		};
		33831C4D1A9CEDF800B124F1 /* Build configuration list for PBXProject "Platform" */ = {
			isa = XCConfigurationList;
			buildConfigurations = (
				33831C4E1A9CEDF800B124F1 /* Debug */,
				33831C4F1A9CEDF800B124F1 /* Release */,
			);
			defaultConfigurationIsVisible = 0;
			defaultConfigurationName = Release;
		};
		33831C9D1A9CF61600B124F1 /* Build configuration list for PBXNativeTarget "Platform" */ = {
			isa = XCConfigurationList;
			buildConfigurations = (
				33831C9E1A9CF61600B124F1 /* Debug */,
				33831C9F1A9CF61600B124F1 /* Release */,
			);
			defaultConfigurationIsVisible = 0;
			defaultConfigurationName = Release;
		};
		33831CA01A9CF61600B124F1 /* Build configuration list for PBXNativeTarget "Unit Tests" */ = {
			isa = XCConfigurationList;
			buildConfigurations = (
				33831CA11A9CF61600B124F1 /* Debug */,
				33831CA21A9CF61600B124F1 /* Release */,
			);
			defaultConfigurationIsVisible = 0;
			defaultConfigurationName = Release;
		};
		738A3F0023E42D8E00B6A614 /* Build configuration list for PBXAggregateTarget "Make InstanceLocator File" */ = {
			isa = XCConfigurationList;
			buildConfigurations = (
				738A3F0123E42D8E00B6A614 /* Debug */,
				738A3F0223E42D8E00B6A614 /* Release */,
			);
			defaultConfigurationIsVisible = 0;
			defaultConfigurationName = Release;
		};
/* End XCConfigurationList section */

/* Begin XCRemoteSwiftPackageReference section */
		22B91E2723E48107008D55C2 /* XCRemoteSwiftPackageReference "OHHTTPStubs" */ = {
			isa = XCRemoteSwiftPackageReference;
			repositoryURL = "https://github.com/AliSoftware/OHHTTPStubs.git";
			requirement = {
				kind = upToNextMajorVersion;
				minimumVersion = 9.0.0;
			};
		};
/* End XCRemoteSwiftPackageReference section */

/* Begin XCSwiftPackageProductDependency section */
		22B91E2823E48107008D55C2 /* OHHTTPStubs */ = {
			isa = XCSwiftPackageProductDependency;
			package = 22B91E2723E48107008D55C2 /* XCRemoteSwiftPackageReference "OHHTTPStubs" */;
			productName = OHHTTPStubs;
		};
		22B91E2A23E48107008D55C2 /* OHHTTPStubsSwift */ = {
			isa = XCSwiftPackageProductDependency;
			package = 22B91E2723E48107008D55C2 /* XCRemoteSwiftPackageReference "OHHTTPStubs" */;
			productName = OHHTTPStubsSwift;
		};
/* End XCSwiftPackageProductDependency section */
	};
	rootObject = 33831C4A1A9CEDF800B124F1 /* Project object */;
}
