// !$*UTF8*$!
{
	archiveVersion = 1;
	classes = {
	};
	objectVersion = 46;
	objects = {

/* Begin PBXBuildFile section */
		332B5A801D9ACA6A00E69AC8 /* Main.storyboard in Resources */ = {isa = PBXBuildFile; fileRef = 332B5A7E1D9ACA6A00E69AC8 /* Main.storyboard */; };
		33CC93231E38E4C0003E6325 /* AppDelegate.swift in Sources */ = {isa = PBXBuildFile; fileRef = 33CC931E1E38E4C0003E6325 /* AppDelegate.swift */; };
		33CC93241E38E4C0003E6325 /* Assets.xcassets in Resources */ = {isa = PBXBuildFile; fileRef = 33CC931F1E38E4C0003E6325 /* Assets.xcassets */; };
		33CC93261E38E4C0003E6325 /* ViewController.swift in Sources */ = {isa = PBXBuildFile; fileRef = 33CC93221E38E4C0003E6325 /* ViewController.swift */; };
		33D2A5AB1E38FA5C00EA7549 /* PusherPlatform.framework in Frameworks */ = {isa = PBXBuildFile; fileRef = 33D2A5AA1E38FA5C00EA7549 /* PusherPlatform.framework */; };
		33D2A5AC1E38FA5C00EA7549 /* PusherPlatform.framework in Embed Frameworks */ = {isa = PBXBuildFile; fileRef = 33D2A5AA1E38FA5C00EA7549 /* PusherPlatform.framework */; settings = {ATTRIBUTES = (CodeSignOnCopy, RemoveHeadersOnCopy, ); }; };
/* End PBXBuildFile section */

/* Begin PBXCopyFilesBuildPhase section */
		33F1F9621DC358AE0021056F /* Embed Frameworks */ = {
			isa = PBXCopyFilesBuildPhase;
			buildActionMask = 2147483647;
			dstPath = "";
			dstSubfolderSpec = 10;
			files = (
				33D2A5AC1E38FA5C00EA7549 /* PusherPlatform.framework in Embed Frameworks */,
			);
			name = "Embed Frameworks";
			runOnlyForDeploymentPostprocessing = 0;
		};
/* End PBXCopyFilesBuildPhase section */

/* Begin PBXFileReference section */
		332B5A751D9ACA6A00E69AC8 /* Pusher Platform macOS Example.app */ = {isa = PBXFileReference; explicitFileType = wrapper.application; includeInIndex = 0; path = "Pusher Platform macOS Example.app"; sourceTree = BUILT_PRODUCTS_DIR; };
		332B5A7F1D9ACA6A00E69AC8 /* Base */ = {isa = PBXFileReference; lastKnownFileType = file.storyboard; name = Base; path = Base.lproj/Main.storyboard; sourceTree = "<group>"; };
		33CC931E1E38E4C0003E6325 /* AppDelegate.swift */ = {isa = PBXFileReference; fileEncoding = 4; lastKnownFileType = sourcecode.swift; name = AppDelegate.swift; path = "Pusher Platform macOS Example/AppDelegate.swift"; sourceTree = SOURCE_ROOT; };
		33CC931F1E38E4C0003E6325 /* Assets.xcassets */ = {isa = PBXFileReference; lastKnownFileType = folder.assetcatalog; name = Assets.xcassets; path = "Pusher Platform macOS Example/Assets.xcassets"; sourceTree = SOURCE_ROOT; };
		33CC93201E38E4C0003E6325 /* Pusher Platform macOS Example.entitlements */ = {isa = PBXFileReference; fileEncoding = 4; lastKnownFileType = text.plist.entitlements; name = "Pusher Platform macOS Example.entitlements"; path = "Pusher Platform macOS Example/Pusher Platform macOS Example.entitlements"; sourceTree = SOURCE_ROOT; };
		33CC93211E38E4C0003E6325 /* Info.plist */ = {isa = PBXFileReference; fileEncoding = 4; lastKnownFileType = text.plist.xml; name = Info.plist; path = "Pusher Platform macOS Example/Info.plist"; sourceTree = SOURCE_ROOT; };
		33CC93221E38E4C0003E6325 /* ViewController.swift */ = {isa = PBXFileReference; fileEncoding = 4; lastKnownFileType = sourcecode.swift; name = ViewController.swift; path = "Pusher Platform macOS Example/ViewController.swift"; sourceTree = SOURCE_ROOT; };
		33D2A5AA1E38FA5C00EA7549 /* PusherPlatform.framework */ = {isa = PBXFileReference; explicitFileType = wrapper.framework; path = PusherPlatform.framework; sourceTree = BUILT_PRODUCTS_DIR; };
/* End PBXFileReference section */

/* Begin PBXFrameworksBuildPhase section */
		332B5A721D9ACA6A00E69AC8 /* Frameworks */ = {
			isa = PBXFrameworksBuildPhase;
			buildActionMask = 2147483647;
			files = (
				33D2A5AB1E38FA5C00EA7549 /* PusherPlatform.framework in Frameworks */,
			);
			runOnlyForDeploymentPostprocessing = 0;
		};
/* End PBXFrameworksBuildPhase section */

/* Begin PBXGroup section */
		330263FA1DC25EB3007D7317 /* Frameworks */ = {
			isa = PBXGroup;
			children = (
				33D2A5AA1E38FA5C00EA7549 /* PusherPlatform.framework */,
			);
			name = Frameworks;
			sourceTree = "<group>";
		};
		332B5A6C1D9ACA6A00E69AC8 = {
			isa = PBXGroup;
			children = (
				332B5A771D9ACA6A00E69AC8 /* PusherPlatform macOS Example */,
				330263FA1DC25EB3007D7317 /* Frameworks */,
				332B5A761D9ACA6A00E69AC8 /* Products */,
			);
			sourceTree = "<group>";
		};
		332B5A761D9ACA6A00E69AC8 /* Products */ = {
			isa = PBXGroup;
			children = (
				332B5A751D9ACA6A00E69AC8 /* Pusher Platform macOS Example.app */,
			);
			name = Products;
			sourceTree = "<group>";
		};
		332B5A771D9ACA6A00E69AC8 /* PusherPlatform macOS Example */ = {
			isa = PBXGroup;
			children = (
				33CC931E1E38E4C0003E6325 /* AppDelegate.swift */,
				33CC93221E38E4C0003E6325 /* ViewController.swift */,
				33CC931F1E38E4C0003E6325 /* Assets.xcassets */,
				33CC93201E38E4C0003E6325 /* Pusher Platform macOS Example.entitlements */,
				33CC93211E38E4C0003E6325 /* Info.plist */,
				332B5A7E1D9ACA6A00E69AC8 /* Main.storyboard */,
			);
			name = "PusherPlatform macOS Example";
			path = "Pusher Platform macOS Example";
			sourceTree = "<group>";
		};
/* End PBXGroup section */

/* Begin PBXNativeTarget section */
		332B5A741D9ACA6A00E69AC8 /* Pusher Platform macOS Example */ = {
			isa = PBXNativeTarget;
			buildConfigurationList = 332B5A841D9ACA6A00E69AC8 /* Build configuration list for PBXNativeTarget "Pusher Platform macOS Example" */;
			buildPhases = (
				332B5A711D9ACA6A00E69AC8 /* Sources */,
				332B5A721D9ACA6A00E69AC8 /* Frameworks */,
				332B5A731D9ACA6A00E69AC8 /* Resources */,
				33F1F9621DC358AE0021056F /* Embed Frameworks */,
			);
			buildRules = (
			);
			dependencies = (
			);
			name = "Pusher Platform macOS Example";
			productName = "Pusher Platform macOS Example";
			productReference = 332B5A751D9ACA6A00E69AC8 /* Pusher Platform macOS Example.app */;
			productType = "com.apple.product-type.application";
		};
/* End PBXNativeTarget section */

/* Begin PBXProject section */
		332B5A6D1D9ACA6A00E69AC8 /* Project object */ = {
			isa = PBXProject;
			attributes = {
				LastSwiftUpdateCheck = 0800;
				LastUpgradeCheck = 0810;
				ORGANIZATIONNAME = Pusher;
				TargetAttributes = {
					332B5A741D9ACA6A00E69AC8 = {
						CreatedOnToolsVersion = 8.0;
						DevelopmentTeam = H7FL434D9W;
						ProvisioningStyle = Automatic;
						SystemCapabilities = {
							com.apple.ApplicationGroups.Mac = {
								enabled = 0;
							};
							com.apple.GameCenter = {
								enabled = 0;
							};
							com.apple.Push = {
								enabled = 1;
							};
							com.apple.Sandbox = {
								enabled = 1;
							};
						};
					};
				};
			};
			buildConfigurationList = 332B5A701D9ACA6A00E69AC8 /* Build configuration list for PBXProject "Pusher Platform macOS Example" */;
			compatibilityVersion = "Xcode 3.2";
			developmentRegion = English;
			hasScannedForEncodings = 0;
			knownRegions = (
				en,
				Base,
			);
			mainGroup = 332B5A6C1D9ACA6A00E69AC8;
			productRefGroup = 332B5A761D9ACA6A00E69AC8 /* Products */;
			projectDirPath = "";
			projectRoot = "";
			targets = (
				332B5A741D9ACA6A00E69AC8 /* Pusher Platform macOS Example */,
			);
		};
/* End PBXProject section */

/* Begin PBXResourcesBuildPhase section */
		332B5A731D9ACA6A00E69AC8 /* Resources */ = {
			isa = PBXResourcesBuildPhase;
			buildActionMask = 2147483647;
			files = (
				33CC93241E38E4C0003E6325 /* Assets.xcassets in Resources */,
				332B5A801D9ACA6A00E69AC8 /* Main.storyboard in Resources */,
			);
			runOnlyForDeploymentPostprocessing = 0;
		};
/* End PBXResourcesBuildPhase section */

/* Begin PBXSourcesBuildPhase section */
		332B5A711D9ACA6A00E69AC8 /* Sources */ = {
			isa = PBXSourcesBuildPhase;
			buildActionMask = 2147483647;
			files = (
				33CC93231E38E4C0003E6325 /* AppDelegate.swift in Sources */,
				33CC93261E38E4C0003E6325 /* ViewController.swift in Sources */,
			);
			runOnlyForDeploymentPostprocessing = 0;
		};
/* End PBXSourcesBuildPhase section */

/* Begin PBXVariantGroup section */
		332B5A7E1D9ACA6A00E69AC8 /* Main.storyboard */ = {
			isa = PBXVariantGroup;
			children = (
				332B5A7F1D9ACA6A00E69AC8 /* Base */,
			);
			name = Main.storyboard;
			sourceTree = "<group>";
		};
/* End PBXVariantGroup section */

/* Begin XCBuildConfiguration section */
		332B5A821D9ACA6A00E69AC8 /* Debug */ = {
			isa = XCBuildConfiguration;
			buildSettings = {
				ALWAYS_SEARCH_USER_PATHS = NO;
				CLANG_ANALYZER_NONNULL = YES;
				CLANG_CXX_LANGUAGE_STANDARD = "gnu++0x";
				CLANG_CXX_LIBRARY = "libc++";
				CLANG_ENABLE_MODULES = YES;
				CLANG_ENABLE_OBJC_ARC = YES;
				CLANG_WARN_BOOL_CONVERSION = YES;
				CLANG_WARN_CONSTANT_CONVERSION = YES;
				CLANG_WARN_DIRECT_OBJC_ISA_USAGE = YES_ERROR;
				CLANG_WARN_DOCUMENTATION_COMMENTS = YES;
				CLANG_WARN_EMPTY_BODY = YES;
				CLANG_WARN_ENUM_CONVERSION = YES;
				CLANG_WARN_INFINITE_RECURSION = YES;
				CLANG_WARN_INT_CONVERSION = YES;
				CLANG_WARN_OBJC_ROOT_CLASS = YES_ERROR;
				CLANG_WARN_SUSPICIOUS_MOVE = YES;
				CLANG_WARN_SUSPICIOUS_MOVES = YES;
				CLANG_WARN_UNREACHABLE_CODE = YES;
				CLANG_WARN__DUPLICATE_METHOD_MATCH = YES;
				CODE_SIGN_IDENTITY = "-";
				COPY_PHASE_STRIP = NO;
				DEBUG_INFORMATION_FORMAT = dwarf;
				ENABLE_STRICT_OBJC_MSGSEND = YES;
				ENABLE_TESTABILITY = YES;
				GCC_C_LANGUAGE_STANDARD = gnu99;
				GCC_DYNAMIC_NO_PIC = NO;
				GCC_NO_COMMON_BLOCKS = YES;
				GCC_OPTIMIZATION_LEVEL = 0;
				GCC_PREPROCESSOR_DEFINITIONS = (
					"DEBUG=1",
					"$(inherited)",
				);
				GCC_WARN_64_TO_32_BIT_CONVERSION = YES;
				GCC_WARN_ABOUT_RETURN_TYPE = YES_ERROR;
				GCC_WARN_UNDECLARED_SELECTOR = YES;
				GCC_WARN_UNINITIALIZED_AUTOS = YES_AGGRESSIVE;
				GCC_WARN_UNUSED_FUNCTION = YES;
				GCC_WARN_UNUSED_VARIABLE = YES;
				MACOSX_DEPLOYMENT_TARGET = 10.11;
				MTL_ENABLE_DEBUG_INFO = YES;
				ONLY_ACTIVE_ARCH = YES;
				SDKROOT = macosx;
				SWIFT_ACTIVE_COMPILATION_CONDITIONS = DEBUG;
				SWIFT_OPTIMIZATION_LEVEL = "-Onone";
			};
			name = Debug;
		};
		332B5A831D9ACA6A00E69AC8 /* Release */ = {
			isa = XCBuildConfiguration;
			buildSettings = {
				ALWAYS_SEARCH_USER_PATHS = NO;
				CLANG_ANALYZER_NONNULL = YES;
				CLANG_CXX_LANGUAGE_STANDARD = "gnu++0x";
				CLANG_CXX_LIBRARY = "libc++";
				CLANG_ENABLE_MODULES = YES;
				CLANG_ENABLE_OBJC_ARC = YES;
				CLANG_WARN_BOOL_CONVERSION = YES;
				CLANG_WARN_CONSTANT_CONVERSION = YES;
				CLANG_WARN_DIRECT_OBJC_ISA_USAGE = YES_ERROR;
				CLANG_WARN_DOCUMENTATION_COMMENTS = YES;
				CLANG_WARN_EMPTY_BODY = YES;
				CLANG_WARN_ENUM_CONVERSION = YES;
				CLANG_WARN_INFINITE_RECURSION = YES;
				CLANG_WARN_INT_CONVERSION = YES;
				CLANG_WARN_OBJC_ROOT_CLASS = YES_ERROR;
				CLANG_WARN_SUSPICIOUS_MOVE = YES;
				CLANG_WARN_SUSPICIOUS_MOVES = YES;
				CLANG_WARN_UNREACHABLE_CODE = YES;
				CLANG_WARN__DUPLICATE_METHOD_MATCH = YES;
				CODE_SIGN_IDENTITY = "-";
				COPY_PHASE_STRIP = NO;
				DEBUG_INFORMATION_FORMAT = "dwarf-with-dsym";
				ENABLE_NS_ASSERTIONS = NO;
				ENABLE_STRICT_OBJC_MSGSEND = YES;
				GCC_C_LANGUAGE_STANDARD = gnu99;
				GCC_NO_COMMON_BLOCKS = YES;
				GCC_WARN_64_TO_32_BIT_CONVERSION = YES;
				GCC_WARN_ABOUT_RETURN_TYPE = YES_ERROR;
				GCC_WARN_UNDECLARED_SELECTOR = YES;
				GCC_WARN_UNINITIALIZED_AUTOS = YES_AGGRESSIVE;
				GCC_WARN_UNUSED_FUNCTION = YES;
				GCC_WARN_UNUSED_VARIABLE = YES;
				MACOSX_DEPLOYMENT_TARGET = 10.11;
				MTL_ENABLE_DEBUG_INFO = NO;
				SDKROOT = macosx;
				SWIFT_OPTIMIZATION_LEVEL = "-Owholemodule";
			};
			name = Release;
		};
		332B5A851D9ACA6A00E69AC8 /* Debug */ = {
			isa = XCBuildConfiguration;
			buildSettings = {
				ASSETCATALOG_COMPILER_APPICON_NAME = AppIcon;
				CODE_SIGN_ENTITLEMENTS = "Pusher Platform macOS Example/Pusher Platform macOS Example.entitlements";
				CODE_SIGN_IDENTITY = "Mac Developer";
				COMBINE_HIDPI_IMAGES = YES;
				DEVELOPMENT_TEAM = H7FL434D9W;
				FRAMEWORK_SEARCH_PATHS = (
					"$(inherited)",
					"$(PROJECT_DIR)",
				);
				INFOPLIST_FILE = "$(SRCROOT)/Pusher Platform macOS Example/Info.plist";
				LD_RUNPATH_SEARCH_PATHS = "$(inherited) @executable_path/../Frameworks";
				PRODUCT_BUNDLE_IDENTIFIER = "com.pusher.Pusher-Platform-macOS-Example";
				PRODUCT_NAME = "$(TARGET_NAME)";
				SWIFT_VERSION = 3.0;
			};
			name = Debug;
		};
		332B5A861D9ACA6A00E69AC8 /* Release */ = {
			isa = XCBuildConfiguration;
			buildSettings = {
				ASSETCATALOG_COMPILER_APPICON_NAME = AppIcon;
				CODE_SIGN_ENTITLEMENTS = "Pusher Platform macOS Example/Pusher Platform macOS Example.entitlements";
				CODE_SIGN_IDENTITY = "Mac Developer";
				COMBINE_HIDPI_IMAGES = YES;
				DEVELOPMENT_TEAM = H7FL434D9W;
				FRAMEWORK_SEARCH_PATHS = (
					"$(inherited)",
					"$(PROJECT_DIR)",
				);
				INFOPLIST_FILE = "$(SRCROOT)/Pusher Platform macOS Example/Info.plist";
				LD_RUNPATH_SEARCH_PATHS = "$(inherited) @executable_path/../Frameworks";
				PRODUCT_BUNDLE_IDENTIFIER = "com.pusher.Pusher-Platform-macOS-Example";
				PRODUCT_NAME = "$(TARGET_NAME)";
				SWIFT_VERSION = 3.0;
			};
			name = Release;
		};
/* End XCBuildConfiguration section */

/* Begin XCConfigurationList section */
		332B5A701D9ACA6A00E69AC8 /* Build configuration list for PBXProject "Pusher Platform macOS Example" */ = {
			isa = XCConfigurationList;
			buildConfigurations = (
				332B5A821D9ACA6A00E69AC8 /* Debug */,
				332B5A831D9ACA6A00E69AC8 /* Release */,
			);
			defaultConfigurationIsVisible = 0;
			defaultConfigurationName = Debug;
		};
		332B5A841D9ACA6A00E69AC8 /* Build configuration list for PBXNativeTarget "Pusher Platform macOS Example" */ = {
			isa = XCConfigurationList;
			buildConfigurations = (
				332B5A851D9ACA6A00E69AC8 /* Debug */,
				332B5A861D9ACA6A00E69AC8 /* Release */,
			);
			defaultConfigurationIsVisible = 0;
			defaultConfigurationName = Debug;
		};
/* End XCConfigurationList section */
	};
	rootObject = 332B5A6D1D9ACA6A00E69AC8 /* Project object */;
}
